
Microsoft Visual Studio Solution File, Format Version 12.00
# Visual Studio 15
VisualStudioVersion = 15.0.28307.102
MinimumVisualStudioVersion = 10.0.40219.1
Project("{FAE04EC0-301F-11D3-BF4B-00C04F79EFBC}") = "App1.Android", "App1\App1.Android\App1.Android.csproj", "{48C18980-D156-435B-BC73-E6A5FE6831D9}"
EndProject
Project("{FAE04EC0-301F-11D3-BF4B-00C04F79EFBC}") = "App1.iOS", "App1\App1.iOS\App1.iOS.csproj", "{BB413486-CD00-4DEF-AF8A-678CF27699BA}"
EndProject
Project("{FAE04EC0-301F-11D3-BF4B-00C04F79EFBC}") = "App1.UWP", "App1\App1.UWP\App1.UWP.csproj", "{71E6ED9D-E617-40B0-A980-D0048707ABB2}"
EndProject
Project("{FAE04EC0-301F-11D3-BF4B-00C04F79EFBC}") = "App1", "App1\App1\App1.csproj", "{1EDCF6D1-97AD-4331-A0DB-9B554A96AC45}"
EndProject
Global
	GlobalSection(SolutionConfigurationPlatforms) = preSolution
		Ad-Hoc|Any CPU = Ad-Hoc|Any CPU
		Ad-Hoc|ARM = Ad-Hoc|ARM
		Ad-Hoc|iPhone = Ad-Hoc|iPhone
		Ad-Hoc|iPhoneSimulator = Ad-Hoc|iPhoneSimulator
		Ad-Hoc|x64 = Ad-Hoc|x64
		Ad-Hoc|x86 = Ad-Hoc|x86
		AppStore|Any CPU = AppStore|Any CPU
		AppStore|ARM = AppStore|ARM
		AppStore|iPhone = AppStore|iPhone
		AppStore|iPhoneSimulator = AppStore|iPhoneSimulator
		AppStore|x64 = AppStore|x64
		AppStore|x86 = AppStore|x86
		Debug|Any CPU = Debug|Any CPU
		Debug|ARM = Debug|ARM
		Debug|iPhone = Debug|iPhone
		Debug|iPhoneSimulator = Debug|iPhoneSimulator
		Debug|x64 = Debug|x64
		Debug|x86 = Debug|x86
		Release|Any CPU = Release|Any CPU
		Release|ARM = Release|ARM
		Release|iPhone = Release|iPhone
		Release|iPhoneSimulator = Release|iPhoneSimulator
		Release|x64 = Release|x64
		Release|x86 = Release|x86
	EndGlobalSection
	GlobalSection(ProjectConfigurationPlatforms) = postSolution
		{48C18980-D156-435B-BC73-E6A5FE6831D9}.Ad-Hoc|Any CPU.ActiveCfg = Release|Any CPU
		{48C18980-D156-435B-BC73-E6A5FE6831D9}.Ad-Hoc|Any CPU.Build.0 = Release|Any CPU
		{48C18980-D156-435B-BC73-E6A5FE6831D9}.Ad-Hoc|Any CPU.Deploy.0 = Release|Any CPU
		{48C18980-D156-435B-BC73-E6A5FE6831D9}.Ad-Hoc|ARM.ActiveCfg = Release|Any CPU
		{48C18980-D156-435B-BC73-E6A5FE6831D9}.Ad-Hoc|ARM.Build.0 = Release|Any CPU
		{48C18980-D156-435B-BC73-E6A5FE6831D9}.Ad-Hoc|ARM.Deploy.0 = Release|Any CPU
		{48C18980-D156-435B-BC73-E6A5FE6831D9}.Ad-Hoc|iPhone.ActiveCfg = Release|Any CPU
		{48C18980-D156-435B-BC73-E6A5FE6831D9}.Ad-Hoc|iPhone.Build.0 = Release|Any CPU
		{48C18980-D156-435B-BC73-E6A5FE6831D9}.Ad-Hoc|iPhone.Deploy.0 = Release|Any CPU
		{48C18980-D156-435B-BC73-E6A5FE6831D9}.Ad-Hoc|iPhoneSimulator.ActiveCfg = Release|Any CPU
		{48C18980-D156-435B-BC73-E6A5FE6831D9}.Ad-Hoc|iPhoneSimulator.Build.0 = Release|Any CPU
		{48C18980-D156-435B-BC73-E6A5FE6831D9}.Ad-Hoc|iPhoneSimulator.Deploy.0 = Release|Any CPU
		{48C18980-D156-435B-BC73-E6A5FE6831D9}.Ad-Hoc|x64.ActiveCfg = Release|Any CPU
		{48C18980-D156-435B-BC73-E6A5FE6831D9}.Ad-Hoc|x64.Build.0 = Release|Any CPU
		{48C18980-D156-435B-BC73-E6A5FE6831D9}.Ad-Hoc|x64.Deploy.0 = Release|Any CPU
		{48C18980-D156-435B-BC73-E6A5FE6831D9}.Ad-Hoc|x86.ActiveCfg = Release|Any CPU
		{48C18980-D156-435B-BC73-E6A5FE6831D9}.Ad-Hoc|x86.Build.0 = Release|Any CPU
		{48C18980-D156-435B-BC73-E6A5FE6831D9}.Ad-Hoc|x86.Deploy.0 = Release|Any CPU
		{48C18980-D156-435B-BC73-E6A5FE6831D9}.AppStore|Any CPU.ActiveCfg = Release|Any CPU
		{48C18980-D156-435B-BC73-E6A5FE6831D9}.AppStore|Any CPU.Build.0 = Release|Any CPU
		{48C18980-D156-435B-BC73-E6A5FE6831D9}.AppStore|Any CPU.Deploy.0 = Release|Any CPU
		{48C18980-D156-435B-BC73-E6A5FE6831D9}.AppStore|ARM.ActiveCfg = Release|Any CPU
		{48C18980-D156-435B-BC73-E6A5FE6831D9}.AppStore|ARM.Build.0 = Release|Any CPU
		{48C18980-D156-435B-BC73-E6A5FE6831D9}.AppStore|ARM.Deploy.0 = Release|Any CPU
		{48C18980-D156-435B-BC73-E6A5FE6831D9}.AppStore|iPhone.ActiveCfg = Release|Any CPU
		{48C18980-D156-435B-BC73-E6A5FE6831D9}.AppStore|iPhone.Build.0 = Release|Any CPU
		{48C18980-D156-435B-BC73-E6A5FE6831D9}.AppStore|iPhone.Deploy.0 = Release|Any CPU
		{48C18980-D156-435B-BC73-E6A5FE6831D9}.AppStore|iPhoneSimulator.ActiveCfg = Release|Any CPU
		{48C18980-D156-435B-BC73-E6A5FE6831D9}.AppStore|iPhoneSimulator.Build.0 = Release|Any CPU
		{48C18980-D156-435B-BC73-E6A5FE6831D9}.AppStore|iPhoneSimulator.Deploy.0 = Release|Any CPU
		{48C18980-D156-435B-BC73-E6A5FE6831D9}.AppStore|x64.ActiveCfg = Release|Any CPU
		{48C18980-D156-435B-BC73-E6A5FE6831D9}.AppStore|x64.Build.0 = Release|Any CPU
		{48C18980-D156-435B-BC73-E6A5FE6831D9}.AppStore|x64.Deploy.0 = Release|Any CPU
		{48C18980-D156-435B-BC73-E6A5FE6831D9}.AppStore|x86.ActiveCfg = Release|Any CPU
		{48C18980-D156-435B-BC73-E6A5FE6831D9}.AppStore|x86.Build.0 = Release|Any CPU
		{48C18980-D156-435B-BC73-E6A5FE6831D9}.AppStore|x86.Deploy.0 = Release|Any CPU
		{48C18980-D156-435B-BC73-E6A5FE6831D9}.Debug|Any CPU.ActiveCfg = Debug|Any CPU
		{48C18980-D156-435B-BC73-E6A5FE6831D9}.Debug|Any CPU.Build.0 = Debug|Any CPU
		{48C18980-D156-435B-BC73-E6A5FE6831D9}.Debug|Any CPU.Deploy.0 = Debug|Any CPU
		{48C18980-D156-435B-BC73-E6A5FE6831D9}.Debug|ARM.ActiveCfg = Debug|Any CPU
		{48C18980-D156-435B-BC73-E6A5FE6831D9}.Debug|ARM.Build.0 = Debug|Any CPU
		{48C18980-D156-435B-BC73-E6A5FE6831D9}.Debug|ARM.Deploy.0 = Debug|Any CPU
		{48C18980-D156-435B-BC73-E6A5FE6831D9}.Debug|iPhone.ActiveCfg = Debug|Any CPU
		{48C18980-D156-435B-BC73-E6A5FE6831D9}.Debug|iPhone.Build.0 = Debug|Any CPU
		{48C18980-D156-435B-BC73-E6A5FE6831D9}.Debug|iPhone.Deploy.0 = Debug|Any CPU
		{48C18980-D156-435B-BC73-E6A5FE6831D9}.Debug|iPhoneSimulator.ActiveCfg = Debug|Any CPU
		{48C18980-D156-435B-BC73-E6A5FE6831D9}.Debug|iPhoneSimulator.Build.0 = Debug|Any CPU
		{48C18980-D156-435B-BC73-E6A5FE6831D9}.Debug|iPhoneSimulator.Deploy.0 = Debug|Any CPU
		{48C18980-D156-435B-BC73-E6A5FE6831D9}.Debug|x64.ActiveCfg = Debug|Any CPU
		{48C18980-D156-435B-BC73-E6A5FE6831D9}.Debug|x64.Build.0 = Debug|Any CPU
		{48C18980-D156-435B-BC73-E6A5FE6831D9}.Debug|x64.Deploy.0 = Debug|Any CPU
		{48C18980-D156-435B-BC73-E6A5FE6831D9}.Debug|x86.ActiveCfg = Debug|Any CPU
		{48C18980-D156-435B-BC73-E6A5FE6831D9}.Debug|x86.Build.0 = Debug|Any CPU
		{48C18980-D156-435B-BC73-E6A5FE6831D9}.Debug|x86.Deploy.0 = Debug|Any CPU
		{48C18980-D156-435B-BC73-E6A5FE6831D9}.Release|Any CPU.ActiveCfg = Release|Any CPU
		{48C18980-D156-435B-BC73-E6A5FE6831D9}.Release|Any CPU.Build.0 = Release|Any CPU
		{48C18980-D156-435B-BC73-E6A5FE6831D9}.Release|Any CPU.Deploy.0 = Release|Any CPU
		{48C18980-D156-435B-BC73-E6A5FE6831D9}.Release|ARM.ActiveCfg = Release|Any CPU
		{48C18980-D156-435B-BC73-E6A5FE6831D9}.Release|ARM.Build.0 = Release|Any CPU
		{48C18980-D156-435B-BC73-E6A5FE6831D9}.Release|ARM.Deploy.0 = Release|Any CPU
		{48C18980-D156-435B-BC73-E6A5FE6831D9}.Release|iPhone.ActiveCfg = Release|Any CPU
		{48C18980-D156-435B-BC73-E6A5FE6831D9}.Release|iPhone.Build.0 = Release|Any CPU
		{48C18980-D156-435B-BC73-E6A5FE6831D9}.Release|iPhone.Deploy.0 = Release|Any CPU
		{48C18980-D156-435B-BC73-E6A5FE6831D9}.Release|iPhoneSimulator.ActiveCfg = Release|Any CPU
		{48C18980-D156-435B-BC73-E6A5FE6831D9}.Release|iPhoneSimulator.Build.0 = Release|Any CPU
		{48C18980-D156-435B-BC73-E6A5FE6831D9}.Release|iPhoneSimulator.Deploy.0 = Release|Any CPU
		{48C18980-D156-435B-BC73-E6A5FE6831D9}.Release|x64.ActiveCfg = Release|Any CPU
		{48C18980-D156-435B-BC73-E6A5FE6831D9}.Release|x64.Build.0 = Release|Any CPU
		{48C18980-D156-435B-BC73-E6A5FE6831D9}.Release|x64.Deploy.0 = Release|Any CPU
		{48C18980-D156-435B-BC73-E6A5FE6831D9}.Release|x86.ActiveCfg = Release|Any CPU
		{48C18980-D156-435B-BC73-E6A5FE6831D9}.Release|x86.Build.0 = Release|Any CPU
		{48C18980-D156-435B-BC73-E6A5FE6831D9}.Release|x86.Deploy.0 = Release|Any CPU
		{BB413486-CD00-4DEF-AF8A-678CF27699BA}.Ad-Hoc|Any CPU.ActiveCfg = Ad-Hoc|iPhone
		{BB413486-CD00-4DEF-AF8A-678CF27699BA}.Ad-Hoc|Any CPU.Build.0 = Ad-Hoc|iPhone
		{BB413486-CD00-4DEF-AF8A-678CF27699BA}.Ad-Hoc|Any CPU.Deploy.0 = Ad-Hoc|iPhone
		{BB413486-CD00-4DEF-AF8A-678CF27699BA}.Ad-Hoc|ARM.ActiveCfg = Ad-Hoc|iPhone
		{BB413486-CD00-4DEF-AF8A-678CF27699BA}.Ad-Hoc|ARM.Build.0 = Ad-Hoc|iPhone
		{BB413486-CD00-4DEF-AF8A-678CF27699BA}.Ad-Hoc|ARM.Deploy.0 = Ad-Hoc|iPhone
		{BB413486-CD00-4DEF-AF8A-678CF27699BA}.Ad-Hoc|iPhone.ActiveCfg = Ad-Hoc|iPhone
		{BB413486-CD00-4DEF-AF8A-678CF27699BA}.Ad-Hoc|iPhone.Build.0 = Ad-Hoc|iPhone
		{BB413486-CD00-4DEF-AF8A-678CF27699BA}.Ad-Hoc|iPhone.Deploy.0 = Ad-Hoc|iPhone
		{BB413486-CD00-4DEF-AF8A-678CF27699BA}.Ad-Hoc|iPhoneSimulator.ActiveCfg = Ad-Hoc|iPhoneSimulator
		{BB413486-CD00-4DEF-AF8A-678CF27699BA}.Ad-Hoc|iPhoneSimulator.Build.0 = Ad-Hoc|iPhoneSimulator
		{BB413486-CD00-4DEF-AF8A-678CF27699BA}.Ad-Hoc|iPhoneSimulator.Deploy.0 = Ad-Hoc|iPhoneSimulator
		{BB413486-CD00-4DEF-AF8A-678CF27699BA}.Ad-Hoc|x64.ActiveCfg = Ad-Hoc|iPhone
		{BB413486-CD00-4DEF-AF8A-678CF27699BA}.Ad-Hoc|x64.Build.0 = Ad-Hoc|iPhone
		{BB413486-CD00-4DEF-AF8A-678CF27699BA}.Ad-Hoc|x64.Deploy.0 = Ad-Hoc|iPhone
		{BB413486-CD00-4DEF-AF8A-678CF27699BA}.Ad-Hoc|x86.ActiveCfg = Ad-Hoc|iPhone
		{BB413486-CD00-4DEF-AF8A-678CF27699BA}.Ad-Hoc|x86.Build.0 = Ad-Hoc|iPhone
		{BB413486-CD00-4DEF-AF8A-678CF27699BA}.Ad-Hoc|x86.Deploy.0 = Ad-Hoc|iPhone
		{BB413486-CD00-4DEF-AF8A-678CF27699BA}.AppStore|Any CPU.ActiveCfg = AppStore|iPhone
		{BB413486-CD00-4DEF-AF8A-678CF27699BA}.AppStore|Any CPU.Build.0 = AppStore|iPhone
		{BB413486-CD00-4DEF-AF8A-678CF27699BA}.AppStore|Any CPU.Deploy.0 = AppStore|iPhone
		{BB413486-CD00-4DEF-AF8A-678CF27699BA}.AppStore|ARM.ActiveCfg = AppStore|iPhone
		{BB413486-CD00-4DEF-AF8A-678CF27699BA}.AppStore|ARM.Build.0 = AppStore|iPhone
		{BB413486-CD00-4DEF-AF8A-678CF27699BA}.AppStore|ARM.Deploy.0 = AppStore|iPhone
		{BB413486-CD00-4DEF-AF8A-678CF27699BA}.AppStore|iPhone.ActiveCfg = AppStore|iPhone
		{BB413486-CD00-4DEF-AF8A-678CF27699BA}.AppStore|iPhone.Build.0 = AppStore|iPhone
		{BB413486-CD00-4DEF-AF8A-678CF27699BA}.AppStore|iPhone.Deploy.0 = AppStore|iPhone
		{BB413486-CD00-4DEF-AF8A-678CF27699BA}.AppStore|iPhoneSimulator.ActiveCfg = AppStore|iPhoneSimulator
		{BB413486-CD00-4DEF-AF8A-678CF27699BA}.AppStore|iPhoneSimulator.Build.0 = AppStore|iPhoneSimulator
		{BB413486-CD00-4DEF-AF8A-678CF27699BA}.AppStore|iPhoneSimulator.Deploy.0 = AppStore|iPhoneSimulator
		{BB413486-CD00-4DEF-AF8A-678CF27699BA}.AppStore|x64.ActiveCfg = AppStore|iPhone
		{BB413486-CD00-4DEF-AF8A-678CF27699BA}.AppStore|x64.Build.0 = AppStore|iPhone
		{BB413486-CD00-4DEF-AF8A-678CF27699BA}.AppStore|x64.Deploy.0 = AppStore|iPhone
		{BB413486-CD00-4DEF-AF8A-678CF27699BA}.AppStore|x86.ActiveCfg = AppStore|iPhone
		{BB413486-CD00-4DEF-AF8A-678CF27699BA}.AppStore|x86.Build.0 = AppStore|iPhone
		{BB413486-CD00-4DEF-AF8A-678CF27699BA}.AppStore|x86.Deploy.0 = AppStore|iPhone
		{BB413486-CD00-4DEF-AF8A-678CF27699BA}.Debug|Any CPU.ActiveCfg = Debug|iPhoneSimulator
		{BB413486-CD00-4DEF-AF8A-678CF27699BA}.Debug|Any CPU.Build.0 = Debug|iPhoneSimulator
		{BB413486-CD00-4DEF-AF8A-678CF27699BA}.Debug|Any CPU.Deploy.0 = Debug|iPhoneSimulator
		{BB413486-CD00-4DEF-AF8A-678CF27699BA}.Debug|ARM.ActiveCfg = Debug|iPhone
		{BB413486-CD00-4DEF-AF8A-678CF27699BA}.Debug|ARM.Build.0 = Debug|iPhone
		{BB413486-CD00-4DEF-AF8A-678CF27699BA}.Debug|ARM.Deploy.0 = Debug|iPhone
		{BB413486-CD00-4DEF-AF8A-678CF27699BA}.Debug|iPhone.ActiveCfg = Debug|iPhone
		{BB413486-CD00-4DEF-AF8A-678CF27699BA}.Debug|iPhone.Build.0 = Debug|iPhone
		{BB413486-CD00-4DEF-AF8A-678CF27699BA}.Debug|iPhone.Deploy.0 = Debug|iPhone
		{BB413486-CD00-4DEF-AF8A-678CF27699BA}.Debug|iPhoneSimulator.ActiveCfg = Debug|iPhoneSimulator
		{BB413486-CD00-4DEF-AF8A-678CF27699BA}.Debug|iPhoneSimulator.Build.0 = Debug|iPhoneSimulator
		{BB413486-CD00-4DEF-AF8A-678CF27699BA}.Debug|iPhoneSimulator.Deploy.0 = Debug|iPhoneSimulator
		{BB413486-CD00-4DEF-AF8A-678CF27699BA}.Debug|x64.ActiveCfg = Debug|iPhone
		{BB413486-CD00-4DEF-AF8A-678CF27699BA}.Debug|x64.Build.0 = Debug|iPhone
		{BB413486-CD00-4DEF-AF8A-678CF27699BA}.Debug|x64.Deploy.0 = Debug|iPhone
		{BB413486-CD00-4DEF-AF8A-678CF27699BA}.Debug|x86.ActiveCfg = Debug|iPhone
		{BB413486-CD00-4DEF-AF8A-678CF27699BA}.Debug|x86.Build.0 = Debug|iPhone
		{BB413486-CD00-4DEF-AF8A-678CF27699BA}.Debug|x86.Deploy.0 = Debug|iPhone
		{BB413486-CD00-4DEF-AF8A-678CF27699BA}.Release|Any CPU.ActiveCfg = Release|iPhone
		{BB413486-CD00-4DEF-AF8A-678CF27699BA}.Release|Any CPU.Build.0 = Release|iPhone
		{BB413486-CD00-4DEF-AF8A-678CF27699BA}.Release|Any CPU.Deploy.0 = Release|iPhone
		{BB413486-CD00-4DEF-AF8A-678CF27699BA}.Release|ARM.ActiveCfg = Release|iPhone
		{BB413486-CD00-4DEF-AF8A-678CF27699BA}.Release|ARM.Build.0 = Release|iPhone
		{BB413486-CD00-4DEF-AF8A-678CF27699BA}.Release|ARM.Deploy.0 = Release|iPhone
		{BB413486-CD00-4DEF-AF8A-678CF27699BA}.Release|iPhone.ActiveCfg = Release|iPhone
		{BB413486-CD00-4DEF-AF8A-678CF27699BA}.Release|iPhone.Build.0 = Release|iPhone
		{BB413486-CD00-4DEF-AF8A-678CF27699BA}.Release|iPhone.Deploy.0 = Release|iPhone
		{BB413486-CD00-4DEF-AF8A-678CF27699BA}.Release|iPhoneSimulator.ActiveCfg = Release|iPhoneSimulator
		{BB413486-CD00-4DEF-AF8A-678CF27699BA}.Release|iPhoneSimulator.Build.0 = Release|iPhoneSimulator
		{BB413486-CD00-4DEF-AF8A-678CF27699BA}.Release|iPhoneSimulator.Deploy.0 = Release|iPhoneSimulator
		{BB413486-CD00-4DEF-AF8A-678CF27699BA}.Release|x64.ActiveCfg = Release|iPhone
		{BB413486-CD00-4DEF-AF8A-678CF27699BA}.Release|x64.Build.0 = Release|iPhone
		{BB413486-CD00-4DEF-AF8A-678CF27699BA}.Release|x64.Deploy.0 = Release|iPhone
		{BB413486-CD00-4DEF-AF8A-678CF27699BA}.Release|x86.ActiveCfg = Release|iPhone
		{BB413486-CD00-4DEF-AF8A-678CF27699BA}.Release|x86.Build.0 = Release|iPhone
		{BB413486-CD00-4DEF-AF8A-678CF27699BA}.Release|x86.Deploy.0 = Release|iPhone
		{71E6ED9D-E617-40B0-A980-D0048707ABB2}.Ad-Hoc|Any CPU.ActiveCfg = Release|x86
		{71E6ED9D-E617-40B0-A980-D0048707ABB2}.Ad-Hoc|Any CPU.Build.0 = Release|x86
		{71E6ED9D-E617-40B0-A980-D0048707ABB2}.Ad-Hoc|Any CPU.Deploy.0 = Release|x86
		{71E6ED9D-E617-40B0-A980-D0048707ABB2}.Ad-Hoc|ARM.ActiveCfg = Release|ARM
		{71E6ED9D-E617-40B0-A980-D0048707ABB2}.Ad-Hoc|ARM.Build.0 = Release|ARM
		{71E6ED9D-E617-40B0-A980-D0048707ABB2}.Ad-Hoc|ARM.Deploy.0 = Release|ARM
		{71E6ED9D-E617-40B0-A980-D0048707ABB2}.Ad-Hoc|iPhone.ActiveCfg = Release|x86
		{71E6ED9D-E617-40B0-A980-D0048707ABB2}.Ad-Hoc|iPhone.Build.0 = Release|x86
		{71E6ED9D-E617-40B0-A980-D0048707ABB2}.Ad-Hoc|iPhone.Deploy.0 = Release|x86
		{71E6ED9D-E617-40B0-A980-D0048707ABB2}.Ad-Hoc|iPhoneSimulator.ActiveCfg = Release|x86
		{71E6ED9D-E617-40B0-A980-D0048707ABB2}.Ad-Hoc|iPhoneSimulator.Build.0 = Release|x86
		{71E6ED9D-E617-40B0-A980-D0048707ABB2}.Ad-Hoc|iPhoneSimulator.Deploy.0 = Release|x86
		{71E6ED9D-E617-40B0-A980-D0048707ABB2}.Ad-Hoc|x64.ActiveCfg = Release|x64
		{71E6ED9D-E617-40B0-A980-D0048707ABB2}.Ad-Hoc|x64.Build.0 = Release|x64
		{71E6ED9D-E617-40B0-A980-D0048707ABB2}.Ad-Hoc|x64.Deploy.0 = Release|x64
		{71E6ED9D-E617-40B0-A980-D0048707ABB2}.Ad-Hoc|x86.ActiveCfg = Release|x86
		{71E6ED9D-E617-40B0-A980-D0048707ABB2}.Ad-Hoc|x86.Build.0 = Release|x86
		{71E6ED9D-E617-40B0-A980-D0048707ABB2}.Ad-Hoc|x86.Deploy.0 = Release|x86
		{71E6ED9D-E617-40B0-A980-D0048707ABB2}.AppStore|Any CPU.ActiveCfg = Release|x86
		{71E6ED9D-E617-40B0-A980-D0048707ABB2}.AppStore|Any CPU.Build.0 = Release|x86
		{71E6ED9D-E617-40B0-A980-D0048707ABB2}.AppStore|Any CPU.Deploy.0 = Release|x86
		{71E6ED9D-E617-40B0-A980-D0048707ABB2}.AppStore|ARM.ActiveCfg = Release|ARM
		{71E6ED9D-E617-40B0-A980-D0048707ABB2}.AppStore|ARM.Build.0 = Release|ARM
		{71E6ED9D-E617-40B0-A980-D0048707ABB2}.AppStore|ARM.Deploy.0 = Release|ARM
		{71E6ED9D-E617-40B0-A980-D0048707ABB2}.AppStore|iPhone.ActiveCfg = Release|x86
		{71E6ED9D-E617-40B0-A980-D0048707ABB2}.AppStore|iPhone.Build.0 = Release|x86
		{71E6ED9D-E617-40B0-A980-D0048707ABB2}.AppStore|iPhone.Deploy.0 = Release|x86
		{71E6ED9D-E617-40B0-A980-D0048707ABB2}.AppStore|iPhoneSimulator.ActiveCfg = Release|x86
		{71E6ED9D-E617-40B0-A980-D0048707ABB2}.AppStore|iPhoneSimulator.Build.0 = Release|x86
		{71E6ED9D-E617-40B0-A980-D0048707ABB2}.AppStore|iPhoneSimulator.Deploy.0 = Release|x86
		{71E6ED9D-E617-40B0-A980-D0048707ABB2}.AppStore|x64.ActiveCfg = Release|x64
		{71E6ED9D-E617-40B0-A980-D0048707ABB2}.AppStore|x64.Build.0 = Release|x64
		{71E6ED9D-E617-40B0-A980-D0048707ABB2}.AppStore|x64.Deploy.0 = Release|x64
		{71E6ED9D-E617-40B0-A980-D0048707ABB2}.AppStore|x86.ActiveCfg = Release|x86
		{71E6ED9D-E617-40B0-A980-D0048707ABB2}.AppStore|x86.Build.0 = Release|x86
		{71E6ED9D-E617-40B0-A980-D0048707ABB2}.AppStore|x86.Deploy.0 = Release|x86
		{71E6ED9D-E617-40B0-A980-D0048707ABB2}.Debug|Any CPU.ActiveCfg = Debug|x86
		{71E6ED9D-E617-40B0-A980-D0048707ABB2}.Debug|Any CPU.Build.0 = Debug|x86
		{71E6ED9D-E617-40B0-A980-D0048707ABB2}.Debug|Any CPU.Deploy.0 = Debug|x86
		{71E6ED9D-E617-40B0-A980-D0048707ABB2}.Debug|ARM.ActiveCfg = Debug|ARM
		{71E6ED9D-E617-40B0-A980-D0048707ABB2}.Debug|ARM.Build.0 = Debug|ARM
		{71E6ED9D-E617-40B0-A980-D0048707ABB2}.Debug|ARM.Deploy.0 = Debug|ARM
		{71E6ED9D-E617-40B0-A980-D0048707ABB2}.Debug|iPhone.ActiveCfg = Debug|x86
		{71E6ED9D-E617-40B0-A980-D0048707ABB2}.Debug|iPhone.Build.0 = Debug|x86
		{71E6ED9D-E617-40B0-A980-D0048707ABB2}.Debug|iPhone.Deploy.0 = Debug|x86
		{71E6ED9D-E617-40B0-A980-D0048707ABB2}.Debug|iPhoneSimulator.ActiveCfg = Debug|x86
		{71E6ED9D-E617-40B0-A980-D0048707ABB2}.Debug|iPhoneSimulator.Build.0 = Debug|x86
		{71E6ED9D-E617-40B0-A980-D0048707ABB2}.Debug|iPhoneSimulator.Deploy.0 = Debug|x86
		{71E6ED9D-E617-40B0-A980-D0048707ABB2}.Debug|x64.ActiveCfg = Debug|x64
		{71E6ED9D-E617-40B0-A980-D0048707ABB2}.Debug|x64.Build.0 = Debug|x64
		{71E6ED9D-E617-40B0-A980-D0048707ABB2}.Debug|x64.Deploy.0 = Debug|x64
		{71E6ED9D-E617-40B0-A980-D0048707ABB2}.Debug|x86.ActiveCfg = Debug|x86
		{71E6ED9D-E617-40B0-A980-D0048707ABB2}.Debug|x86.Build.0 = Debug|x86
		{71E6ED9D-E617-40B0-A980-D0048707ABB2}.Debug|x86.Deploy.0 = Debug|x86
		{71E6ED9D-E617-40B0-A980-D0048707ABB2}.Release|Any CPU.ActiveCfg = Release|x86
		{71E6ED9D-E617-40B0-A980-D0048707ABB2}.Release|Any CPU.Build.0 = Release|x86
		{71E6ED9D-E617-40B0-A980-D0048707ABB2}.Release|Any CPU.Deploy.0 = Release|x86
		{71E6ED9D-E617-40B0-A980-D0048707ABB2}.Release|ARM.ActiveCfg = Release|ARM
		{71E6ED9D-E617-40B0-A980-D0048707ABB2}.Release|ARM.Build.0 = Release|ARM
		{71E6ED9D-E617-40B0-A980-D0048707ABB2}.Release|ARM.Deploy.0 = Release|ARM
		{71E6ED9D-E617-40B0-A980-D0048707ABB2}.Release|iPhone.ActiveCfg = Release|x86
		{71E6ED9D-E617-40B0-A980-D0048707ABB2}.Release|iPhone.Build.0 = Release|x86
		{71E6ED9D-E617-40B0-A980-D0048707ABB2}.Release|iPhone.Deploy.0 = Release|x86
		{71E6ED9D-E617-40B0-A980-D0048707ABB2}.Release|iPhoneSimulator.ActiveCfg = Release|x86
		{71E6ED9D-E617-40B0-A980-D0048707ABB2}.Release|iPhoneSimulator.Build.0 = Release|x86
		{71E6ED9D-E617-40B0-A980-D0048707ABB2}.Release|iPhoneSimulator.Deploy.0 = Release|x86
		{71E6ED9D-E617-40B0-A980-D0048707ABB2}.Release|x64.ActiveCfg = Release|x64
		{71E6ED9D-E617-40B0-A980-D0048707ABB2}.Release|x64.Build.0 = Release|x64
		{71E6ED9D-E617-40B0-A980-D0048707ABB2}.Release|x64.Deploy.0 = Release|x64
		{71E6ED9D-E617-40B0-A980-D0048707ABB2}.Release|x86.ActiveCfg = Release|x86
		{71E6ED9D-E617-40B0-A980-D0048707ABB2}.Release|x86.Build.0 = Release|x86
		{71E6ED9D-E617-40B0-A980-D0048707ABB2}.Release|x86.Deploy.0 = Release|x86
		{1EDCF6D1-97AD-4331-A0DB-9B554A96AC45}.Ad-Hoc|Any CPU.ActiveCfg = Debug|Any CPU
		{1EDCF6D1-97AD-4331-A0DB-9B554A96AC45}.Ad-Hoc|Any CPU.Build.0 = Debug|Any CPU
		{1EDCF6D1-97AD-4331-A0DB-9B554A96AC45}.Ad-Hoc|Any CPU.Deploy.0 = Debug|Any CPU
		{1EDCF6D1-97AD-4331-A0DB-9B554A96AC45}.Ad-Hoc|ARM.ActiveCfg = Debug|Any CPU
		{1EDCF6D1-97AD-4331-A0DB-9B554A96AC45}.Ad-Hoc|ARM.Build.0 = Debug|Any CPU
		{1EDCF6D1-97AD-4331-A0DB-9B554A96AC45}.Ad-Hoc|ARM.Deploy.0 = Debug|Any CPU
		{1EDCF6D1-97AD-4331-A0DB-9B554A96AC45}.Ad-Hoc|iPhone.ActiveCfg = Debug|Any CPU
		{1EDCF6D1-97AD-4331-A0DB-9B554A96AC45}.Ad-Hoc|iPhone.Build.0 = Debug|Any CPU
		{1EDCF6D1-97AD-4331-A0DB-9B554A96AC45}.Ad-Hoc|iPhone.Deploy.0 = Debug|Any CPU
		{1EDCF6D1-97AD-4331-A0DB-9B554A96AC45}.Ad-Hoc|iPhoneSimulator.ActiveCfg = Debug|Any CPU
		{1EDCF6D1-97AD-4331-A0DB-9B554A96AC45}.Ad-Hoc|iPhoneSimulator.Build.0 = Debug|Any CPU
		{1EDCF6D1-97AD-4331-A0DB-9B554A96AC45}.Ad-Hoc|iPhoneSimulator.Deploy.0 = Debug|Any CPU
		{1EDCF6D1-97AD-4331-A0DB-9B554A96AC45}.Ad-Hoc|x64.ActiveCfg = Debug|Any CPU
		{1EDCF6D1-97AD-4331-A0DB-9B554A96AC45}.Ad-Hoc|x64.Build.0 = Debug|Any CPU
		{1EDCF6D1-97AD-4331-A0DB-9B554A96AC45}.Ad-Hoc|x64.Deploy.0 = Debug|Any CPU
		{1EDCF6D1-97AD-4331-A0DB-9B554A96AC45}.Ad-Hoc|x86.ActiveCfg = Debug|Any CPU
		{1EDCF6D1-97AD-4331-A0DB-9B554A96AC45}.Ad-Hoc|x86.Build.0 = Debug|Any CPU
		{1EDCF6D1-97AD-4331-A0DB-9B554A96AC45}.Ad-Hoc|x86.Deploy.0 = Debug|Any CPU
		{1EDCF6D1-97AD-4331-A0DB-9B554A96AC45}.AppStore|Any CPU.ActiveCfg = Debug|Any CPU
		{1EDCF6D1-97AD-4331-A0DB-9B554A96AC45}.AppStore|Any CPU.Build.0 = Debug|Any CPU
		{1EDCF6D1-97AD-4331-A0DB-9B554A96AC45}.AppStore|Any CPU.Deploy.0 = Debug|Any CPU
		{1EDCF6D1-97AD-4331-A0DB-9B554A96AC45}.AppStore|ARM.ActiveCfg = Debug|Any CPU
		{1EDCF6D1-97AD-4331-A0DB-9B554A96AC45}.AppStore|ARM.Build.0 = Debug|Any CPU
		{1EDCF6D1-97AD-4331-A0DB-9B554A96AC45}.AppStore|ARM.Deploy.0 = Debug|Any CPU
		{1EDCF6D1-97AD-4331-A0DB-9B554A96AC45}.AppStore|iPhone.ActiveCfg = Debug|Any CPU
		{1EDCF6D1-97AD-4331-A0DB-9B554A96AC45}.AppStore|iPhone.Build.0 = Debug|Any CPU
		{1EDCF6D1-97AD-4331-A0DB-9B554A96AC45}.AppStore|iPhone.Deploy.0 = Debug|Any CPU
		{1EDCF6D1-97AD-4331-A0DB-9B554A96AC45}.AppStore|iPhoneSimulator.ActiveCfg = Debug|Any CPU
		{1EDCF6D1-97AD-4331-A0DB-9B554A96AC45}.AppStore|iPhoneSimulator.Build.0 = Debug|Any CPU
		{1EDCF6D1-97AD-4331-A0DB-9B554A96AC45}.AppStore|iPhoneSimulator.Deploy.0 = Debug|Any CPU
		{1EDCF6D1-97AD-4331-A0DB-9B554A96AC45}.AppStore|x64.ActiveCfg = Debug|Any CPU
		{1EDCF6D1-97AD-4331-A0DB-9B554A96AC45}.AppStore|x64.Build.0 = Debug|Any CPU
		{1EDCF6D1-97AD-4331-A0DB-9B554A96AC45}.AppStore|x64.Deploy.0 = Debug|Any CPU
		{1EDCF6D1-97AD-4331-A0DB-9B554A96AC45}.AppStore|x86.ActiveCfg = Debug|Any CPU
		{1EDCF6D1-97AD-4331-A0DB-9B554A96AC45}.AppStore|x86.Build.0 = Debug|Any CPU
		{1EDCF6D1-97AD-4331-A0DB-9B554A96AC45}.AppStore|x86.Deploy.0 = Debug|Any CPU
		{1EDCF6D1-97AD-4331-A0DB-9B554A96AC45}.Debug|Any CPU.ActiveCfg = Debug|Any CPU
		{1EDCF6D1-97AD-4331-A0DB-9B554A96AC45}.Debug|Any CPU.Build.0 = Debug|Any CPU
		{1EDCF6D1-97AD-4331-A0DB-9B554A96AC45}.Debug|Any CPU.Deploy.0 = Debug|Any CPU
		{1EDCF6D1-97AD-4331-A0DB-9B554A96AC45}.Debug|ARM.ActiveCfg = Debug|Any CPU
		{1EDCF6D1-97AD-4331-A0DB-9B554A96AC45}.Debug|ARM.Build.0 = Debug|Any CPU
		{1EDCF6D1-97AD-4331-A0DB-9B554A96AC45}.Debug|ARM.Deploy.0 = Debug|Any CPU
		{1EDCF6D1-97AD-4331-A0DB-9B554A96AC45}.Debug|iPhone.ActiveCfg = Debug|Any CPU
		{1EDCF6D1-97AD-4331-A0DB-9B554A96AC45}.Debug|iPhone.Build.0 = Debug|Any CPU
		{1EDCF6D1-97AD-4331-A0DB-9B554A96AC45}.Debug|iPhone.Deploy.0 = Debug|Any CPU
		{1EDCF6D1-97AD-4331-A0DB-9B554A96AC45}.Debug|iPhoneSimulator.ActiveCfg = Debug|Any CPU
		{1EDCF6D1-97AD-4331-A0DB-9B554A96AC45}.Debug|iPhoneSimulator.Build.0 = Debug|Any CPU
		{1EDCF6D1-97AD-4331-A0DB-9B554A96AC45}.Debug|iPhoneSimulator.Deploy.0 = Debug|Any CPU
		{1EDCF6D1-97AD-4331-A0DB-9B554A96AC45}.Debug|x64.ActiveCfg = Debug|Any CPU
		{1EDCF6D1-97AD-4331-A0DB-9B554A96AC45}.Debug|x64.Build.0 = Debug|Any CPU
		{1EDCF6D1-97AD-4331-A0DB-9B554A96AC45}.Debug|x64.Deploy.0 = Debug|Any CPU
		{1EDCF6D1-97AD-4331-A0DB-9B554A96AC45}.Debug|x86.ActiveCfg = Debug|Any CPU
		{1EDCF6D1-97AD-4331-A0DB-9B554A96AC45}.Debug|x86.Build.0 = Debug|Any CPU
		{1EDCF6D1-97AD-4331-A0DB-9B554A96AC45}.Debug|x86.Deploy.0 = Debug|Any CPU
		{1EDCF6D1-97AD-4331-A0DB-9B554A96AC45}.Release|Any CPU.ActiveCfg = Release|Any CPU
		{1EDCF6D1-97AD-4331-A0DB-9B554A96AC45}.Release|Any CPU.Build.0 = Release|Any CPU
		{1EDCF6D1-97AD-4331-A0DB-9B554A96AC45}.Release|Any CPU.Deploy.0 = Release|Any CPU
		{1EDCF6D1-97AD-4331-A0DB-9B554A96AC45}.Release|ARM.ActiveCfg = Release|Any CPU
		{1EDCF6D1-97AD-4331-A0DB-9B554A96AC45}.Release|ARM.Build.0 = Release|Any CPU
		{1EDCF6D1-97AD-4331-A0DB-9B554A96AC45}.Release|ARM.Deploy.0 = Release|Any CPU
		{1EDCF6D1-97AD-4331-A0DB-9B554A96AC45}.Release|iPhone.ActiveCfg = Release|Any CPU
		{1EDCF6D1-97AD-4331-A0DB-9B554A96AC45}.Release|iPhone.Build.0 = Release|Any CPU
		{1EDCF6D1-97AD-4331-A0DB-9B554A96AC45}.Release|iPhone.Deploy.0 = Release|Any CPU
		{1EDCF6D1-97AD-4331-A0DB-9B554A96AC45}.Release|iPhoneSimulator.ActiveCfg = Release|Any CPU
		{1EDCF6D1-97AD-4331-A0DB-9B554A96AC45}.Release|iPhoneSimulator.Build.0 = Release|Any CPU
		{1EDCF6D1-97AD-4331-A0DB-9B554A96AC45}.Release|iPhoneSimulator.Deploy.0 = Release|Any CPU
		{1EDCF6D1-97AD-4331-A0DB-9B554A96AC45}.Release|x64.ActiveCfg = Release|Any CPU
		{1EDCF6D1-97AD-4331-A0DB-9B554A96AC45}.Release|x64.Build.0 = Release|Any CPU
		{1EDCF6D1-97AD-4331-A0DB-9B554A96AC45}.Release|x64.Deploy.0 = Release|Any CPU
		{1EDCF6D1-97AD-4331-A0DB-9B554A96AC45}.Release|x86.ActiveCfg = Release|Any CPU
		{1EDCF6D1-97AD-4331-A0DB-9B554A96AC45}.Release|x86.Build.0 = Release|Any CPU
		{1EDCF6D1-97AD-4331-A0DB-9B554A96AC45}.Release|x86.Deploy.0 = Release|Any CPU
	EndGlobalSection
	GlobalSection(SolutionProperties) = preSolution
		HideSolutionNode = FALSE
	EndGlobalSection
	GlobalSection(ExtensibilityGlobals) = postSolution
		SolutionGuid = {4F6A42CC-7578-4B39-8667-3F7ACC878F4A}
	EndGlobalSection
EndGlobal
