
Microsoft Visual Studio Solution File, Format Version 12.00
# Visual Studio 15
VisualStudioVersion = 15.0.28307.102
MinimumVisualStudioVersion = 10.0.40219.1
Project("{FAE04EC0-301F-11D3-BF4B-00C04F79EFBC}") = "建置您第一個.Android", "建置您第一個\建置您第一個.Android\建置您第一個.Android.csproj", "{E5F87144-EEF9-4B26-B3BA-825D991FC601}"
EndProject
Project("{FAE04EC0-301F-11D3-BF4B-00C04F79EFBC}") = "建置您第一個.iOS", "建置您第一個\建置您第一個.iOS\建置您第一個.iOS.csproj", "{328ACBAB-1FA2-40BB-BEA6-C80872310DC5}"
EndProject
Project("{FAE04EC0-301F-11D3-BF4B-00C04F79EFBC}") = "建置您第一個", "建置您第一個\建置您第一個\建置您第一個.csproj", "{9D10724F-884F-4E6E-AEF9-0C2396F44E11}"
EndProject
Global
	GlobalSection(SolutionConfigurationPlatforms) = preSolution
		Ad-Hoc|Any CPU = Ad-Hoc|Any CPU
		Ad-Hoc|iPhone = Ad-Hoc|iPhone
		Ad-Hoc|iPhoneSimulator = Ad-Hoc|iPhoneSimulator
		AppStore|Any CPU = AppStore|Any CPU
		AppStore|iPhone = AppStore|iPhone
		AppStore|iPhoneSimulator = AppStore|iPhoneSimulator
		Debug|Any CPU = Debug|Any CPU
		Debug|iPhone = Debug|iPhone
		Debug|iPhoneSimulator = Debug|iPhoneSimulator
		Release|Any CPU = Release|Any CPU
		Release|iPhone = Release|iPhone
		Release|iPhoneSimulator = Release|iPhoneSimulator
	EndGlobalSection
	GlobalSection(ProjectConfigurationPlatforms) = postSolution
		{E5F87144-EEF9-4B26-B3BA-825D991FC601}.Ad-Hoc|Any CPU.ActiveCfg = Release|Any CPU
		{E5F87144-EEF9-4B26-B3BA-825D991FC601}.Ad-Hoc|Any CPU.Build.0 = Release|Any CPU
		{E5F87144-EEF9-4B26-B3BA-825D991FC601}.Ad-Hoc|Any CPU.Deploy.0 = Release|Any CPU
		{E5F87144-EEF9-4B26-B3BA-825D991FC601}.Ad-Hoc|iPhone.ActiveCfg = Release|Any CPU
		{E5F87144-EEF9-4B26-B3BA-825D991FC601}.Ad-Hoc|iPhone.Build.0 = Release|Any CPU
		{E5F87144-EEF9-4B26-B3BA-825D991FC601}.Ad-Hoc|iPhone.Deploy.0 = Release|Any CPU
		{E5F87144-EEF9-4B26-B3BA-825D991FC601}.Ad-Hoc|iPhoneSimulator.ActiveCfg = Release|Any CPU
		{E5F87144-EEF9-4B26-B3BA-825D991FC601}.Ad-Hoc|iPhoneSimulator.Build.0 = Release|Any CPU
		{E5F87144-EEF9-4B26-B3BA-825D991FC601}.Ad-Hoc|iPhoneSimulator.Deploy.0 = Release|Any CPU
		{E5F87144-EEF9-4B26-B3BA-825D991FC601}.AppStore|Any CPU.ActiveCfg = Release|Any CPU
		{E5F87144-EEF9-4B26-B3BA-825D991FC601}.AppStore|Any CPU.Build.0 = Release|Any CPU
		{E5F87144-EEF9-4B26-B3BA-825D991FC601}.AppStore|Any CPU.Deploy.0 = Release|Any CPU
		{E5F87144-EEF9-4B26-B3BA-825D991FC601}.AppStore|iPhone.ActiveCfg = Release|Any CPU
		{E5F87144-EEF9-4B26-B3BA-825D991FC601}.AppStore|iPhone.Build.0 = Release|Any CPU
		{E5F87144-EEF9-4B26-B3BA-825D991FC601}.AppStore|iPhone.Deploy.0 = Release|Any CPU
		{E5F87144-EEF9-4B26-B3BA-825D991FC601}.AppStore|iPhoneSimulator.ActiveCfg = Release|Any CPU
		{E5F87144-EEF9-4B26-B3BA-825D991FC601}.AppStore|iPhoneSimulator.Build.0 = Release|Any CPU
		{E5F87144-EEF9-4B26-B3BA-825D991FC601}.AppStore|iPhoneSimulator.Deploy.0 = Release|Any CPU
		{E5F87144-EEF9-4B26-B3BA-825D991FC601}.Debug|Any CPU.ActiveCfg = Debug|Any CPU
		{E5F87144-EEF9-4B26-B3BA-825D991FC601}.Debug|Any CPU.Build.0 = Debug|Any CPU
		{E5F87144-EEF9-4B26-B3BA-825D991FC601}.Debug|Any CPU.Deploy.0 = Debug|Any CPU
		{E5F87144-EEF9-4B26-B3BA-825D991FC601}.Debug|iPhone.ActiveCfg = Debug|Any CPU
		{E5F87144-EEF9-4B26-B3BA-825D991FC601}.Debug|iPhone.Build.0 = Debug|Any CPU
		{E5F87144-EEF9-4B26-B3BA-825D991FC601}.Debug|iPhone.Deploy.0 = Debug|Any CPU
		{E5F87144-EEF9-4B26-B3BA-825D991FC601}.Debug|iPhoneSimulator.ActiveCfg = Debug|Any CPU
		{E5F87144-EEF9-4B26-B3BA-825D991FC601}.Debug|iPhoneSimulator.Build.0 = Debug|Any CPU
		{E5F87144-EEF9-4B26-B3BA-825D991FC601}.Debug|iPhoneSimulator.Deploy.0 = Debug|Any CPU
		{E5F87144-EEF9-4B26-B3BA-825D991FC601}.Release|Any CPU.ActiveCfg = Release|Any CPU
		{E5F87144-EEF9-4B26-B3BA-825D991FC601}.Release|Any CPU.Build.0 = Release|Any CPU
		{E5F87144-EEF9-4B26-B3BA-825D991FC601}.Release|Any CPU.Deploy.0 = Release|Any CPU
		{E5F87144-EEF9-4B26-B3BA-825D991FC601}.Release|iPhone.ActiveCfg = Release|Any CPU
		{E5F87144-EEF9-4B26-B3BA-825D991FC601}.Release|iPhone.Build.0 = Release|Any CPU
		{E5F87144-EEF9-4B26-B3BA-825D991FC601}.Release|iPhone.Deploy.0 = Release|Any CPU
		{E5F87144-EEF9-4B26-B3BA-825D991FC601}.Release|iPhoneSimulator.ActiveCfg = Release|Any CPU
		{E5F87144-EEF9-4B26-B3BA-825D991FC601}.Release|iPhoneSimulator.Build.0 = Release|Any CPU
		{E5F87144-EEF9-4B26-B3BA-825D991FC601}.Release|iPhoneSimulator.Deploy.0 = Release|Any CPU
		{328ACBAB-1FA2-40BB-BEA6-C80872310DC5}.Ad-Hoc|Any CPU.ActiveCfg = Ad-Hoc|iPhone
		{328ACBAB-1FA2-40BB-BEA6-C80872310DC5}.Ad-Hoc|Any CPU.Build.0 = Ad-Hoc|iPhone
		{328ACBAB-1FA2-40BB-BEA6-C80872310DC5}.Ad-Hoc|Any CPU.Deploy.0 = Ad-Hoc|iPhone
		{328ACBAB-1FA2-40BB-BEA6-C80872310DC5}.Ad-Hoc|iPhone.ActiveCfg = Ad-Hoc|iPhone
		{328ACBAB-1FA2-40BB-BEA6-C80872310DC5}.Ad-Hoc|iPhone.Build.0 = Ad-Hoc|iPhone
		{328ACBAB-1FA2-40BB-BEA6-C80872310DC5}.Ad-Hoc|iPhone.Deploy.0 = Ad-Hoc|iPhone
		{328ACBAB-1FA2-40BB-BEA6-C80872310DC5}.Ad-Hoc|iPhoneSimulator.ActiveCfg = Ad-Hoc|iPhoneSimulator
		{328ACBAB-1FA2-40BB-BEA6-C80872310DC5}.Ad-Hoc|iPhoneSimulator.Build.0 = Ad-Hoc|iPhoneSimulator
		{328ACBAB-1FA2-40BB-BEA6-C80872310DC5}.Ad-Hoc|iPhoneSimulator.Deploy.0 = Ad-Hoc|iPhoneSimulator
		{328ACBAB-1FA2-40BB-BEA6-C80872310DC5}.AppStore|Any CPU.ActiveCfg = AppStore|iPhone
		{328ACBAB-1FA2-40BB-BEA6-C80872310DC5}.AppStore|Any CPU.Build.0 = AppStore|iPhone
		{328ACBAB-1FA2-40BB-BEA6-C80872310DC5}.AppStore|Any CPU.Deploy.0 = AppStore|iPhone
		{328ACBAB-1FA2-40BB-BEA6-C80872310DC5}.AppStore|iPhone.ActiveCfg = AppStore|iPhone
		{328ACBAB-1FA2-40BB-BEA6-C80872310DC5}.AppStore|iPhone.Build.0 = AppStore|iPhone
		{328ACBAB-1FA2-40BB-BEA6-C80872310DC5}.AppStore|iPhone.Deploy.0 = AppStore|iPhone
		{328ACBAB-1FA2-40BB-BEA6-C80872310DC5}.AppStore|iPhoneSimulator.ActiveCfg = AppStore|iPhoneSimulator
		{328ACBAB-1FA2-40BB-BEA6-C80872310DC5}.AppStore|iPhoneSimulator.Build.0 = AppStore|iPhoneSimulator
		{328ACBAB-1FA2-40BB-BEA6-C80872310DC5}.AppStore|iPhoneSimulator.Deploy.0 = AppStore|iPhoneSimulator
		{328ACBAB-1FA2-40BB-BEA6-C80872310DC5}.Debug|Any CPU.ActiveCfg = Debug|iPhoneSimulator
		{328ACBAB-1FA2-40BB-BEA6-C80872310DC5}.Debug|Any CPU.Build.0 = Debug|iPhoneSimulator
		{328ACBAB-1FA2-40BB-BEA6-C80872310DC5}.Debug|Any CPU.Deploy.0 = Debug|iPhoneSimulator
		{328ACBAB-1FA2-40BB-BEA6-C80872310DC5}.Debug|iPhone.ActiveCfg = Debug|iPhone
		{328ACBAB-1FA2-40BB-BEA6-C80872310DC5}.Debug|iPhone.Build.0 = Debug|iPhone
		{328ACBAB-1FA2-40BB-BEA6-C80872310DC5}.Debug|iPhone.Deploy.0 = Debug|iPhone
		{328ACBAB-1FA2-40BB-BEA6-C80872310DC5}.Debug|iPhoneSimulator.ActiveCfg = Debug|iPhoneSimulator
		{328ACBAB-1FA2-40BB-BEA6-C80872310DC5}.Debug|iPhoneSimulator.Build.0 = Debug|iPhoneSimulator
		{328ACBAB-1FA2-40BB-BEA6-C80872310DC5}.Debug|iPhoneSimulator.Deploy.0 = Debug|iPhoneSimulator
		{328ACBAB-1FA2-40BB-BEA6-C80872310DC5}.Release|Any CPU.ActiveCfg = Release|iPhone
		{328ACBAB-1FA2-40BB-BEA6-C80872310DC5}.Release|Any CPU.Build.0 = Release|iPhone
		{328ACBAB-1FA2-40BB-BEA6-C80872310DC5}.Release|Any CPU.Deploy.0 = Release|iPhone
		{328ACBAB-1FA2-40BB-BEA6-C80872310DC5}.Release|iPhone.ActiveCfg = Release|iPhone
		{328ACBAB-1FA2-40BB-BEA6-C80872310DC5}.Release|iPhone.Build.0 = Release|iPhone
		{328ACBAB-1FA2-40BB-BEA6-C80872310DC5}.Release|iPhone.Deploy.0 = Release|iPhone
		{328ACBAB-1FA2-40BB-BEA6-C80872310DC5}.Release|iPhoneSimulator.ActiveCfg = Release|iPhoneSimulator
		{328ACBAB-1FA2-40BB-BEA6-C80872310DC5}.Release|iPhoneSimulator.Build.0 = Release|iPhoneSimulator
		{328ACBAB-1FA2-40BB-BEA6-C80872310DC5}.Release|iPhoneSimulator.Deploy.0 = Release|iPhoneSimulator
		{9D10724F-884F-4E6E-AEF9-0C2396F44E11}.Ad-Hoc|Any CPU.ActiveCfg = Debug|Any CPU
		{9D10724F-884F-4E6E-AEF9-0C2396F44E11}.Ad-Hoc|Any CPU.Build.0 = Debug|Any CPU
		{9D10724F-884F-4E6E-AEF9-0C2396F44E11}.Ad-Hoc|Any CPU.Deploy.0 = Debug|Any CPU
		{9D10724F-884F-4E6E-AEF9-0C2396F44E11}.Ad-Hoc|iPhone.ActiveCfg = Debug|Any CPU
		{9D10724F-884F-4E6E-AEF9-0C2396F44E11}.Ad-Hoc|iPhone.Build.0 = Debug|Any CPU
		{9D10724F-884F-4E6E-AEF9-0C2396F44E11}.Ad-Hoc|iPhone.Deploy.0 = Debug|Any CPU
		{9D10724F-884F-4E6E-AEF9-0C2396F44E11}.Ad-Hoc|iPhoneSimulator.ActiveCfg = Debug|Any CPU
		{9D10724F-884F-4E6E-AEF9-0C2396F44E11}.Ad-Hoc|iPhoneSimulator.Build.0 = Debug|Any CPU
		{9D10724F-884F-4E6E-AEF9-0C2396F44E11}.Ad-Hoc|iPhoneSimulator.Deploy.0 = Debug|Any CPU
		{9D10724F-884F-4E6E-AEF9-0C2396F44E11}.AppStore|Any CPU.ActiveCfg = Debug|Any CPU
		{9D10724F-884F-4E6E-AEF9-0C2396F44E11}.AppStore|Any CPU.Build.0 = Debug|Any CPU
		{9D10724F-884F-4E6E-AEF9-0C2396F44E11}.AppStore|Any CPU.Deploy.0 = Debug|Any CPU
		{9D10724F-884F-4E6E-AEF9-0C2396F44E11}.AppStore|iPhone.ActiveCfg = Debug|Any CPU
		{9D10724F-884F-4E6E-AEF9-0C2396F44E11}.AppStore|iPhone.Build.0 = Debug|Any CPU
		{9D10724F-884F-4E6E-AEF9-0C2396F44E11}.AppStore|iPhone.Deploy.0 = Debug|Any CPU
		{9D10724F-884F-4E6E-AEF9-0C2396F44E11}.AppStore|iPhoneSimulator.ActiveCfg = Debug|Any CPU
		{9D10724F-884F-4E6E-AEF9-0C2396F44E11}.AppStore|iPhoneSimulator.Build.0 = Debug|Any CPU
		{9D10724F-884F-4E6E-AEF9-0C2396F44E11}.AppStore|iPhoneSimulator.Deploy.0 = Debug|Any CPU
		{9D10724F-884F-4E6E-AEF9-0C2396F44E11}.Debug|Any CPU.ActiveCfg = Debug|Any CPU
		{9D10724F-884F-4E6E-AEF9-0C2396F44E11}.Debug|Any CPU.Build.0 = Debug|Any CPU
		{9D10724F-884F-4E6E-AEF9-0C2396F44E11}.Debug|Any CPU.Deploy.0 = Debug|Any CPU
		{9D10724F-884F-4E6E-AEF9-0C2396F44E11}.Debug|iPhone.ActiveCfg = Debug|Any CPU
		{9D10724F-884F-4E6E-AEF9-0C2396F44E11}.Debug|iPhone.Build.0 = Debug|Any CPU
		{9D10724F-884F-4E6E-AEF9-0C2396F44E11}.Debug|iPhone.Deploy.0 = Debug|Any CPU
		{9D10724F-884F-4E6E-AEF9-0C2396F44E11}.Debug|iPhoneSimulator.ActiveCfg = Debug|Any CPU
		{9D10724F-884F-4E6E-AEF9-0C2396F44E11}.Debug|iPhoneSimulator.Build.0 = Debug|Any CPU
		{9D10724F-884F-4E6E-AEF9-0C2396F44E11}.Debug|iPhoneSimulator.Deploy.0 = Debug|Any CPU
		{9D10724F-884F-4E6E-AEF9-0C2396F44E11}.Release|Any CPU.ActiveCfg = Release|Any CPU
		{9D10724F-884F-4E6E-AEF9-0C2396F44E11}.Release|Any CPU.Build.0 = Release|Any CPU
		{9D10724F-884F-4E6E-AEF9-0C2396F44E11}.Release|Any CPU.Deploy.0 = Release|Any CPU
		{9D10724F-884F-4E6E-AEF9-0C2396F44E11}.Release|iPhone.ActiveCfg = Release|Any CPU
		{9D10724F-884F-4E6E-AEF9-0C2396F44E11}.Release|iPhone.Build.0 = Release|Any CPU
		{9D10724F-884F-4E6E-AEF9-0C2396F44E11}.Release|iPhone.Deploy.0 = Release|Any CPU
		{9D10724F-884F-4E6E-AEF9-0C2396F44E11}.Release|iPhoneSimulator.ActiveCfg = Release|Any CPU
		{9D10724F-884F-4E6E-AEF9-0C2396F44E11}.Release|iPhoneSimulator.Build.0 = Release|Any CPU
		{9D10724F-884F-4E6E-AEF9-0C2396F44E11}.Release|iPhoneSimulator.Deploy.0 = Release|Any CPU
	EndGlobalSection
	GlobalSection(SolutionProperties) = preSolution
		HideSolutionNode = FALSE
	EndGlobalSection
	GlobalSection(ExtensibilityGlobals) = postSolution
		SolutionGuid = {E53D23EE-D8D8-400E-B69D-E4226C4856B4}
	EndGlobalSection
EndGlobal
