
Microsoft Visual Studio Solution File, Format Version 12.00
# Visual Studio 15
VisualStudioVersion = 15.0.28307.102
MinimumVisualStudioVersion = 10.0.40219.1
Project("{FAE04EC0-301F-11D3-BF4B-00C04F79EFBC}") = "Phoneword.Android", "Phoneword\Phoneword.Android\Phoneword.Android.csproj", "{8C870234-EA58-48BD-B88F-D4716A884A82}"
EndProject
Project("{FAE04EC0-301F-11D3-BF4B-00C04F79EFBC}") = "Phoneword.iOS", "Phoneword\Phoneword.iOS\Phoneword.iOS.csproj", "{8E5FEE83-4DF2-4E78-AD0E-C6E972342683}"
EndProject
Project("{FAE04EC0-301F-11D3-BF4B-00C04F79EFBC}") = "Phoneword.UWP", "Phoneword\Phoneword.UWP\Phoneword.UWP.csproj", "{0CBC539F-34AF-4EDC-980C-4AA3797758C2}"
EndProject
Project("{FAE04EC0-301F-11D3-BF4B-00C04F79EFBC}") = "Phoneword", "Phoneword\Phoneword\Phoneword.csproj", "{F616C059-38B2-48AD-B541-7E22192921C7}"
EndProject
Global
	GlobalSection(SolutionConfigurationPlatforms) = preSolution
		Ad-Hoc|Any CPU = Ad-Hoc|Any CPU
		Ad-Hoc|ARM = Ad-Hoc|ARM
		Ad-Hoc|iPhone = Ad-Hoc|iPhone
		Ad-Hoc|iPhoneSimulator = Ad-Hoc|iPhoneSimulator
		Ad-Hoc|x64 = Ad-Hoc|x64
		Ad-Hoc|x86 = Ad-Hoc|x86
		AppStore|Any CPU = AppStore|Any CPU
		AppStore|ARM = AppStore|ARM
		AppStore|iPhone = AppStore|iPhone
		AppStore|iPhoneSimulator = AppStore|iPhoneSimulator
		AppStore|x64 = AppStore|x64
		AppStore|x86 = AppStore|x86
		Debug|Any CPU = Debug|Any CPU
		Debug|ARM = Debug|ARM
		Debug|iPhone = Debug|iPhone
		Debug|iPhoneSimulator = Debug|iPhoneSimulator
		Debug|x64 = Debug|x64
		Debug|x86 = Debug|x86
		Release|Any CPU = Release|Any CPU
		Release|ARM = Release|ARM
		Release|iPhone = Release|iPhone
		Release|iPhoneSimulator = Release|iPhoneSimulator
		Release|x64 = Release|x64
		Release|x86 = Release|x86
	EndGlobalSection
	GlobalSection(ProjectConfigurationPlatforms) = postSolution
		{8C870234-EA58-48BD-B88F-D4716A884A82}.Ad-Hoc|Any CPU.ActiveCfg = Release|Any CPU
		{8C870234-EA58-48BD-B88F-D4716A884A82}.Ad-Hoc|Any CPU.Build.0 = Release|Any CPU
		{8C870234-EA58-48BD-B88F-D4716A884A82}.Ad-Hoc|Any CPU.Deploy.0 = Release|Any CPU
		{8C870234-EA58-48BD-B88F-D4716A884A82}.Ad-Hoc|ARM.ActiveCfg = Release|Any CPU
		{8C870234-EA58-48BD-B88F-D4716A884A82}.Ad-Hoc|ARM.Build.0 = Release|Any CPU
		{8C870234-EA58-48BD-B88F-D4716A884A82}.Ad-Hoc|ARM.Deploy.0 = Release|Any CPU
		{8C870234-EA58-48BD-B88F-D4716A884A82}.Ad-Hoc|iPhone.ActiveCfg = Release|Any CPU
		{8C870234-EA58-48BD-B88F-D4716A884A82}.Ad-Hoc|iPhone.Build.0 = Release|Any CPU
		{8C870234-EA58-48BD-B88F-D4716A884A82}.Ad-Hoc|iPhone.Deploy.0 = Release|Any CPU
		{8C870234-EA58-48BD-B88F-D4716A884A82}.Ad-Hoc|iPhoneSimulator.ActiveCfg = Release|Any CPU
		{8C870234-EA58-48BD-B88F-D4716A884A82}.Ad-Hoc|iPhoneSimulator.Build.0 = Release|Any CPU
		{8C870234-EA58-48BD-B88F-D4716A884A82}.Ad-Hoc|iPhoneSimulator.Deploy.0 = Release|Any CPU
		{8C870234-EA58-48BD-B88F-D4716A884A82}.Ad-Hoc|x64.ActiveCfg = Release|Any CPU
		{8C870234-EA58-48BD-B88F-D4716A884A82}.Ad-Hoc|x64.Build.0 = Release|Any CPU
		{8C870234-EA58-48BD-B88F-D4716A884A82}.Ad-Hoc|x64.Deploy.0 = Release|Any CPU
		{8C870234-EA58-48BD-B88F-D4716A884A82}.Ad-Hoc|x86.ActiveCfg = Release|Any CPU
		{8C870234-EA58-48BD-B88F-D4716A884A82}.Ad-Hoc|x86.Build.0 = Release|Any CPU
		{8C870234-EA58-48BD-B88F-D4716A884A82}.Ad-Hoc|x86.Deploy.0 = Release|Any CPU
		{8C870234-EA58-48BD-B88F-D4716A884A82}.AppStore|Any CPU.ActiveCfg = Release|Any CPU
		{8C870234-EA58-48BD-B88F-D4716A884A82}.AppStore|Any CPU.Build.0 = Release|Any CPU
		{8C870234-EA58-48BD-B88F-D4716A884A82}.AppStore|Any CPU.Deploy.0 = Release|Any CPU
		{8C870234-EA58-48BD-B88F-D4716A884A82}.AppStore|ARM.ActiveCfg = Release|Any CPU
		{8C870234-EA58-48BD-B88F-D4716A884A82}.AppStore|ARM.Build.0 = Release|Any CPU
		{8C870234-EA58-48BD-B88F-D4716A884A82}.AppStore|ARM.Deploy.0 = Release|Any CPU
		{8C870234-EA58-48BD-B88F-D4716A884A82}.AppStore|iPhone.ActiveCfg = Release|Any CPU
		{8C870234-EA58-48BD-B88F-D4716A884A82}.AppStore|iPhone.Build.0 = Release|Any CPU
		{8C870234-EA58-48BD-B88F-D4716A884A82}.AppStore|iPhone.Deploy.0 = Release|Any CPU
		{8C870234-EA58-48BD-B88F-D4716A884A82}.AppStore|iPhoneSimulator.ActiveCfg = Release|Any CPU
		{8C870234-EA58-48BD-B88F-D4716A884A82}.AppStore|iPhoneSimulator.Build.0 = Release|Any CPU
		{8C870234-EA58-48BD-B88F-D4716A884A82}.AppStore|iPhoneSimulator.Deploy.0 = Release|Any CPU
		{8C870234-EA58-48BD-B88F-D4716A884A82}.AppStore|x64.ActiveCfg = Release|Any CPU
		{8C870234-EA58-48BD-B88F-D4716A884A82}.AppStore|x64.Build.0 = Release|Any CPU
		{8C870234-EA58-48BD-B88F-D4716A884A82}.AppStore|x64.Deploy.0 = Release|Any CPU
		{8C870234-EA58-48BD-B88F-D4716A884A82}.AppStore|x86.ActiveCfg = Release|Any CPU
		{8C870234-EA58-48BD-B88F-D4716A884A82}.AppStore|x86.Build.0 = Release|Any CPU
		{8C870234-EA58-48BD-B88F-D4716A884A82}.AppStore|x86.Deploy.0 = Release|Any CPU
		{8C870234-EA58-48BD-B88F-D4716A884A82}.Debug|Any CPU.ActiveCfg = Debug|Any CPU
		{8C870234-EA58-48BD-B88F-D4716A884A82}.Debug|Any CPU.Build.0 = Debug|Any CPU
		{8C870234-EA58-48BD-B88F-D4716A884A82}.Debug|Any CPU.Deploy.0 = Debug|Any CPU
		{8C870234-EA58-48BD-B88F-D4716A884A82}.Debug|ARM.ActiveCfg = Debug|Any CPU
		{8C870234-EA58-48BD-B88F-D4716A884A82}.Debug|ARM.Build.0 = Debug|Any CPU
		{8C870234-EA58-48BD-B88F-D4716A884A82}.Debug|ARM.Deploy.0 = Debug|Any CPU
		{8C870234-EA58-48BD-B88F-D4716A884A82}.Debug|iPhone.ActiveCfg = Debug|Any CPU
		{8C870234-EA58-48BD-B88F-D4716A884A82}.Debug|iPhone.Build.0 = Debug|Any CPU
		{8C870234-EA58-48BD-B88F-D4716A884A82}.Debug|iPhone.Deploy.0 = Debug|Any CPU
		{8C870234-EA58-48BD-B88F-D4716A884A82}.Debug|iPhoneSimulator.ActiveCfg = Debug|Any CPU
		{8C870234-EA58-48BD-B88F-D4716A884A82}.Debug|iPhoneSimulator.Build.0 = Debug|Any CPU
		{8C870234-EA58-48BD-B88F-D4716A884A82}.Debug|iPhoneSimulator.Deploy.0 = Debug|Any CPU
		{8C870234-EA58-48BD-B88F-D4716A884A82}.Debug|x64.ActiveCfg = Debug|Any CPU
		{8C870234-EA58-48BD-B88F-D4716A884A82}.Debug|x64.Build.0 = Debug|Any CPU
		{8C870234-EA58-48BD-B88F-D4716A884A82}.Debug|x64.Deploy.0 = Debug|Any CPU
		{8C870234-EA58-48BD-B88F-D4716A884A82}.Debug|x86.ActiveCfg = Debug|Any CPU
		{8C870234-EA58-48BD-B88F-D4716A884A82}.Debug|x86.Build.0 = Debug|Any CPU
		{8C870234-EA58-48BD-B88F-D4716A884A82}.Debug|x86.Deploy.0 = Debug|Any CPU
		{8C870234-EA58-48BD-B88F-D4716A884A82}.Release|Any CPU.ActiveCfg = Release|Any CPU
		{8C870234-EA58-48BD-B88F-D4716A884A82}.Release|Any CPU.Build.0 = Release|Any CPU
		{8C870234-EA58-48BD-B88F-D4716A884A82}.Release|Any CPU.Deploy.0 = Release|Any CPU
		{8C870234-EA58-48BD-B88F-D4716A884A82}.Release|ARM.ActiveCfg = Release|Any CPU
		{8C870234-EA58-48BD-B88F-D4716A884A82}.Release|ARM.Build.0 = Release|Any CPU
		{8C870234-EA58-48BD-B88F-D4716A884A82}.Release|ARM.Deploy.0 = Release|Any CPU
		{8C870234-EA58-48BD-B88F-D4716A884A82}.Release|iPhone.ActiveCfg = Release|Any CPU
		{8C870234-EA58-48BD-B88F-D4716A884A82}.Release|iPhone.Build.0 = Release|Any CPU
		{8C870234-EA58-48BD-B88F-D4716A884A82}.Release|iPhone.Deploy.0 = Release|Any CPU
		{8C870234-EA58-48BD-B88F-D4716A884A82}.Release|iPhoneSimulator.ActiveCfg = Release|Any CPU
		{8C870234-EA58-48BD-B88F-D4716A884A82}.Release|iPhoneSimulator.Build.0 = Release|Any CPU
		{8C870234-EA58-48BD-B88F-D4716A884A82}.Release|iPhoneSimulator.Deploy.0 = Release|Any CPU
		{8C870234-EA58-48BD-B88F-D4716A884A82}.Release|x64.ActiveCfg = Release|Any CPU
		{8C870234-EA58-48BD-B88F-D4716A884A82}.Release|x64.Build.0 = Release|Any CPU
		{8C870234-EA58-48BD-B88F-D4716A884A82}.Release|x64.Deploy.0 = Release|Any CPU
		{8C870234-EA58-48BD-B88F-D4716A884A82}.Release|x86.ActiveCfg = Release|Any CPU
		{8C870234-EA58-48BD-B88F-D4716A884A82}.Release|x86.Build.0 = Release|Any CPU
		{8C870234-EA58-48BD-B88F-D4716A884A82}.Release|x86.Deploy.0 = Release|Any CPU
		{8E5FEE83-4DF2-4E78-AD0E-C6E972342683}.Ad-Hoc|Any CPU.ActiveCfg = Ad-Hoc|iPhone
		{8E5FEE83-4DF2-4E78-AD0E-C6E972342683}.Ad-Hoc|Any CPU.Build.0 = Ad-Hoc|iPhone
		{8E5FEE83-4DF2-4E78-AD0E-C6E972342683}.Ad-Hoc|Any CPU.Deploy.0 = Ad-Hoc|iPhone
		{8E5FEE83-4DF2-4E78-AD0E-C6E972342683}.Ad-Hoc|ARM.ActiveCfg = Ad-Hoc|iPhone
		{8E5FEE83-4DF2-4E78-AD0E-C6E972342683}.Ad-Hoc|ARM.Build.0 = Ad-Hoc|iPhone
		{8E5FEE83-4DF2-4E78-AD0E-C6E972342683}.Ad-Hoc|ARM.Deploy.0 = Ad-Hoc|iPhone
		{8E5FEE83-4DF2-4E78-AD0E-C6E972342683}.Ad-Hoc|iPhone.ActiveCfg = Ad-Hoc|iPhone
		{8E5FEE83-4DF2-4E78-AD0E-C6E972342683}.Ad-Hoc|iPhone.Build.0 = Ad-Hoc|iPhone
		{8E5FEE83-4DF2-4E78-AD0E-C6E972342683}.Ad-Hoc|iPhone.Deploy.0 = Ad-Hoc|iPhone
		{8E5FEE83-4DF2-4E78-AD0E-C6E972342683}.Ad-Hoc|iPhoneSimulator.ActiveCfg = Ad-Hoc|iPhoneSimulator
		{8E5FEE83-4DF2-4E78-AD0E-C6E972342683}.Ad-Hoc|iPhoneSimulator.Build.0 = Ad-Hoc|iPhoneSimulator
		{8E5FEE83-4DF2-4E78-AD0E-C6E972342683}.Ad-Hoc|iPhoneSimulator.Deploy.0 = Ad-Hoc|iPhoneSimulator
		{8E5FEE83-4DF2-4E78-AD0E-C6E972342683}.Ad-Hoc|x64.ActiveCfg = Ad-Hoc|iPhone
		{8E5FEE83-4DF2-4E78-AD0E-C6E972342683}.Ad-Hoc|x64.Build.0 = Ad-Hoc|iPhone
		{8E5FEE83-4DF2-4E78-AD0E-C6E972342683}.Ad-Hoc|x64.Deploy.0 = Ad-Hoc|iPhone
		{8E5FEE83-4DF2-4E78-AD0E-C6E972342683}.Ad-Hoc|x86.ActiveCfg = Ad-Hoc|iPhone
		{8E5FEE83-4DF2-4E78-AD0E-C6E972342683}.Ad-Hoc|x86.Build.0 = Ad-Hoc|iPhone
		{8E5FEE83-4DF2-4E78-AD0E-C6E972342683}.Ad-Hoc|x86.Deploy.0 = Ad-Hoc|iPhone
		{8E5FEE83-4DF2-4E78-AD0E-C6E972342683}.AppStore|Any CPU.ActiveCfg = AppStore|iPhone
		{8E5FEE83-4DF2-4E78-AD0E-C6E972342683}.AppStore|Any CPU.Build.0 = AppStore|iPhone
		{8E5FEE83-4DF2-4E78-AD0E-C6E972342683}.AppStore|Any CPU.Deploy.0 = AppStore|iPhone
		{8E5FEE83-4DF2-4E78-AD0E-C6E972342683}.AppStore|ARM.ActiveCfg = AppStore|iPhone
		{8E5FEE83-4DF2-4E78-AD0E-C6E972342683}.AppStore|ARM.Build.0 = AppStore|iPhone
		{8E5FEE83-4DF2-4E78-AD0E-C6E972342683}.AppStore|ARM.Deploy.0 = AppStore|iPhone
		{8E5FEE83-4DF2-4E78-AD0E-C6E972342683}.AppStore|iPhone.ActiveCfg = AppStore|iPhone
		{8E5FEE83-4DF2-4E78-AD0E-C6E972342683}.AppStore|iPhone.Build.0 = AppStore|iPhone
		{8E5FEE83-4DF2-4E78-AD0E-C6E972342683}.AppStore|iPhone.Deploy.0 = AppStore|iPhone
		{8E5FEE83-4DF2-4E78-AD0E-C6E972342683}.AppStore|iPhoneSimulator.ActiveCfg = AppStore|iPhoneSimulator
		{8E5FEE83-4DF2-4E78-AD0E-C6E972342683}.AppStore|iPhoneSimulator.Build.0 = AppStore|iPhoneSimulator
		{8E5FEE83-4DF2-4E78-AD0E-C6E972342683}.AppStore|iPhoneSimulator.Deploy.0 = AppStore|iPhoneSimulator
		{8E5FEE83-4DF2-4E78-AD0E-C6E972342683}.AppStore|x64.ActiveCfg = AppStore|iPhone
		{8E5FEE83-4DF2-4E78-AD0E-C6E972342683}.AppStore|x64.Build.0 = AppStore|iPhone
		{8E5FEE83-4DF2-4E78-AD0E-C6E972342683}.AppStore|x64.Deploy.0 = AppStore|iPhone
		{8E5FEE83-4DF2-4E78-AD0E-C6E972342683}.AppStore|x86.ActiveCfg = AppStore|iPhone
		{8E5FEE83-4DF2-4E78-AD0E-C6E972342683}.AppStore|x86.Build.0 = AppStore|iPhone
		{8E5FEE83-4DF2-4E78-AD0E-C6E972342683}.AppStore|x86.Deploy.0 = AppStore|iPhone
		{8E5FEE83-4DF2-4E78-AD0E-C6E972342683}.Debug|Any CPU.ActiveCfg = Debug|iPhoneSimulator
		{8E5FEE83-4DF2-4E78-AD0E-C6E972342683}.Debug|Any CPU.Build.0 = Debug|iPhoneSimulator
		{8E5FEE83-4DF2-4E78-AD0E-C6E972342683}.Debug|Any CPU.Deploy.0 = Debug|iPhoneSimulator
		{8E5FEE83-4DF2-4E78-AD0E-C6E972342683}.Debug|ARM.ActiveCfg = Debug|iPhone
		{8E5FEE83-4DF2-4E78-AD0E-C6E972342683}.Debug|ARM.Build.0 = Debug|iPhone
		{8E5FEE83-4DF2-4E78-AD0E-C6E972342683}.Debug|ARM.Deploy.0 = Debug|iPhone
		{8E5FEE83-4DF2-4E78-AD0E-C6E972342683}.Debug|iPhone.ActiveCfg = Debug|iPhone
		{8E5FEE83-4DF2-4E78-AD0E-C6E972342683}.Debug|iPhone.Build.0 = Debug|iPhone
		{8E5FEE83-4DF2-4E78-AD0E-C6E972342683}.Debug|iPhone.Deploy.0 = Debug|iPhone
		{8E5FEE83-4DF2-4E78-AD0E-C6E972342683}.Debug|iPhoneSimulator.ActiveCfg = Debug|iPhoneSimulator
		{8E5FEE83-4DF2-4E78-AD0E-C6E972342683}.Debug|iPhoneSimulator.Build.0 = Debug|iPhoneSimulator
		{8E5FEE83-4DF2-4E78-AD0E-C6E972342683}.Debug|iPhoneSimulator.Deploy.0 = Debug|iPhoneSimulator
		{8E5FEE83-4DF2-4E78-AD0E-C6E972342683}.Debug|x64.ActiveCfg = Debug|iPhone
		{8E5FEE83-4DF2-4E78-AD0E-C6E972342683}.Debug|x64.Build.0 = Debug|iPhone
		{8E5FEE83-4DF2-4E78-AD0E-C6E972342683}.Debug|x64.Deploy.0 = Debug|iPhone
		{8E5FEE83-4DF2-4E78-AD0E-C6E972342683}.Debug|x86.ActiveCfg = Debug|iPhone
		{8E5FEE83-4DF2-4E78-AD0E-C6E972342683}.Debug|x86.Build.0 = Debug|iPhone
		{8E5FEE83-4DF2-4E78-AD0E-C6E972342683}.Debug|x86.Deploy.0 = Debug|iPhone
		{8E5FEE83-4DF2-4E78-AD0E-C6E972342683}.Release|Any CPU.ActiveCfg = Release|iPhone
		{8E5FEE83-4DF2-4E78-AD0E-C6E972342683}.Release|Any CPU.Build.0 = Release|iPhone
		{8E5FEE83-4DF2-4E78-AD0E-C6E972342683}.Release|Any CPU.Deploy.0 = Release|iPhone
		{8E5FEE83-4DF2-4E78-AD0E-C6E972342683}.Release|ARM.ActiveCfg = Release|iPhone
		{8E5FEE83-4DF2-4E78-AD0E-C6E972342683}.Release|ARM.Build.0 = Release|iPhone
		{8E5FEE83-4DF2-4E78-AD0E-C6E972342683}.Release|ARM.Deploy.0 = Release|iPhone
		{8E5FEE83-4DF2-4E78-AD0E-C6E972342683}.Release|iPhone.ActiveCfg = Release|iPhone
		{8E5FEE83-4DF2-4E78-AD0E-C6E972342683}.Release|iPhone.Build.0 = Release|iPhone
		{8E5FEE83-4DF2-4E78-AD0E-C6E972342683}.Release|iPhone.Deploy.0 = Release|iPhone
		{8E5FEE83-4DF2-4E78-AD0E-C6E972342683}.Release|iPhoneSimulator.ActiveCfg = Release|iPhoneSimulator
		{8E5FEE83-4DF2-4E78-AD0E-C6E972342683}.Release|iPhoneSimulator.Build.0 = Release|iPhoneSimulator
		{8E5FEE83-4DF2-4E78-AD0E-C6E972342683}.Release|iPhoneSimulator.Deploy.0 = Release|iPhoneSimulator
		{8E5FEE83-4DF2-4E78-AD0E-C6E972342683}.Release|x64.ActiveCfg = Release|iPhone
		{8E5FEE83-4DF2-4E78-AD0E-C6E972342683}.Release|x64.Build.0 = Release|iPhone
		{8E5FEE83-4DF2-4E78-AD0E-C6E972342683}.Release|x64.Deploy.0 = Release|iPhone
		{8E5FEE83-4DF2-4E78-AD0E-C6E972342683}.Release|x86.ActiveCfg = Release|iPhone
		{8E5FEE83-4DF2-4E78-AD0E-C6E972342683}.Release|x86.Build.0 = Release|iPhone
		{8E5FEE83-4DF2-4E78-AD0E-C6E972342683}.Release|x86.Deploy.0 = Release|iPhone
		{0CBC539F-34AF-4EDC-980C-4AA3797758C2}.Ad-Hoc|Any CPU.ActiveCfg = Release|x86
		{0CBC539F-34AF-4EDC-980C-4AA3797758C2}.Ad-Hoc|Any CPU.Build.0 = Release|x86
		{0CBC539F-34AF-4EDC-980C-4AA3797758C2}.Ad-Hoc|Any CPU.Deploy.0 = Release|x86
		{0CBC539F-34AF-4EDC-980C-4AA3797758C2}.Ad-Hoc|ARM.ActiveCfg = Release|ARM
		{0CBC539F-34AF-4EDC-980C-4AA3797758C2}.Ad-Hoc|ARM.Build.0 = Release|ARM
		{0CBC539F-34AF-4EDC-980C-4AA3797758C2}.Ad-Hoc|ARM.Deploy.0 = Release|ARM
		{0CBC539F-34AF-4EDC-980C-4AA3797758C2}.Ad-Hoc|iPhone.ActiveCfg = Release|x86
		{0CBC539F-34AF-4EDC-980C-4AA3797758C2}.Ad-Hoc|iPhone.Build.0 = Release|x86
		{0CBC539F-34AF-4EDC-980C-4AA3797758C2}.Ad-Hoc|iPhone.Deploy.0 = Release|x86
		{0CBC539F-34AF-4EDC-980C-4AA3797758C2}.Ad-Hoc|iPhoneSimulator.ActiveCfg = Release|x86
		{0CBC539F-34AF-4EDC-980C-4AA3797758C2}.Ad-Hoc|iPhoneSimulator.Build.0 = Release|x86
		{0CBC539F-34AF-4EDC-980C-4AA3797758C2}.Ad-Hoc|iPhoneSimulator.Deploy.0 = Release|x86
		{0CBC539F-34AF-4EDC-980C-4AA3797758C2}.Ad-Hoc|x64.ActiveCfg = Release|x64
		{0CBC539F-34AF-4EDC-980C-4AA3797758C2}.Ad-Hoc|x64.Build.0 = Release|x64
		{0CBC539F-34AF-4EDC-980C-4AA3797758C2}.Ad-Hoc|x64.Deploy.0 = Release|x64
		{0CBC539F-34AF-4EDC-980C-4AA3797758C2}.Ad-Hoc|x86.ActiveCfg = Release|x86
		{0CBC539F-34AF-4EDC-980C-4AA3797758C2}.Ad-Hoc|x86.Build.0 = Release|x86
		{0CBC539F-34AF-4EDC-980C-4AA3797758C2}.Ad-Hoc|x86.Deploy.0 = Release|x86
		{0CBC539F-34AF-4EDC-980C-4AA3797758C2}.AppStore|Any CPU.ActiveCfg = Release|x86
		{0CBC539F-34AF-4EDC-980C-4AA3797758C2}.AppStore|Any CPU.Build.0 = Release|x86
		{0CBC539F-34AF-4EDC-980C-4AA3797758C2}.AppStore|Any CPU.Deploy.0 = Release|x86
		{0CBC539F-34AF-4EDC-980C-4AA3797758C2}.AppStore|ARM.ActiveCfg = Release|ARM
		{0CBC539F-34AF-4EDC-980C-4AA3797758C2}.AppStore|ARM.Build.0 = Release|ARM
		{0CBC539F-34AF-4EDC-980C-4AA3797758C2}.AppStore|ARM.Deploy.0 = Release|ARM
		{0CBC539F-34AF-4EDC-980C-4AA3797758C2}.AppStore|iPhone.ActiveCfg = Release|x86
		{0CBC539F-34AF-4EDC-980C-4AA3797758C2}.AppStore|iPhone.Build.0 = Release|x86
		{0CBC539F-34AF-4EDC-980C-4AA3797758C2}.AppStore|iPhone.Deploy.0 = Release|x86
		{0CBC539F-34AF-4EDC-980C-4AA3797758C2}.AppStore|iPhoneSimulator.ActiveCfg = Release|x86
		{0CBC539F-34AF-4EDC-980C-4AA3797758C2}.AppStore|iPhoneSimulator.Build.0 = Release|x86
		{0CBC539F-34AF-4EDC-980C-4AA3797758C2}.AppStore|iPhoneSimulator.Deploy.0 = Release|x86
		{0CBC539F-34AF-4EDC-980C-4AA3797758C2}.AppStore|x64.ActiveCfg = Release|x64
		{0CBC539F-34AF-4EDC-980C-4AA3797758C2}.AppStore|x64.Build.0 = Release|x64
		{0CBC539F-34AF-4EDC-980C-4AA3797758C2}.AppStore|x64.Deploy.0 = Release|x64
		{0CBC539F-34AF-4EDC-980C-4AA3797758C2}.AppStore|x86.ActiveCfg = Release|x86
		{0CBC539F-34AF-4EDC-980C-4AA3797758C2}.AppStore|x86.Build.0 = Release|x86
		{0CBC539F-34AF-4EDC-980C-4AA3797758C2}.AppStore|x86.Deploy.0 = Release|x86
		{0CBC539F-34AF-4EDC-980C-4AA3797758C2}.Debug|Any CPU.ActiveCfg = Debug|x86
		{0CBC539F-34AF-4EDC-980C-4AA3797758C2}.Debug|Any CPU.Build.0 = Debug|x86
		{0CBC539F-34AF-4EDC-980C-4AA3797758C2}.Debug|Any CPU.Deploy.0 = Debug|x86
		{0CBC539F-34AF-4EDC-980C-4AA3797758C2}.Debug|ARM.ActiveCfg = Debug|ARM
		{0CBC539F-34AF-4EDC-980C-4AA3797758C2}.Debug|ARM.Build.0 = Debug|ARM
		{0CBC539F-34AF-4EDC-980C-4AA3797758C2}.Debug|ARM.Deploy.0 = Debug|ARM
		{0CBC539F-34AF-4EDC-980C-4AA3797758C2}.Debug|iPhone.ActiveCfg = Debug|x86
		{0CBC539F-34AF-4EDC-980C-4AA3797758C2}.Debug|iPhone.Build.0 = Debug|x86
		{0CBC539F-34AF-4EDC-980C-4AA3797758C2}.Debug|iPhone.Deploy.0 = Debug|x86
		{0CBC539F-34AF-4EDC-980C-4AA3797758C2}.Debug|iPhoneSimulator.ActiveCfg = Debug|x86
		{0CBC539F-34AF-4EDC-980C-4AA3797758C2}.Debug|iPhoneSimulator.Build.0 = Debug|x86
		{0CBC539F-34AF-4EDC-980C-4AA3797758C2}.Debug|iPhoneSimulator.Deploy.0 = Debug|x86
		{0CBC539F-34AF-4EDC-980C-4AA3797758C2}.Debug|x64.ActiveCfg = Debug|x64
		{0CBC539F-34AF-4EDC-980C-4AA3797758C2}.Debug|x64.Build.0 = Debug|x64
		{0CBC539F-34AF-4EDC-980C-4AA3797758C2}.Debug|x64.Deploy.0 = Debug|x64
		{0CBC539F-34AF-4EDC-980C-4AA3797758C2}.Debug|x86.ActiveCfg = Debug|x86
		{0CBC539F-34AF-4EDC-980C-4AA3797758C2}.Debug|x86.Build.0 = Debug|x86
		{0CBC539F-34AF-4EDC-980C-4AA3797758C2}.Debug|x86.Deploy.0 = Debug|x86
		{0CBC539F-34AF-4EDC-980C-4AA3797758C2}.Release|Any CPU.ActiveCfg = Release|x86
		{0CBC539F-34AF-4EDC-980C-4AA3797758C2}.Release|Any CPU.Build.0 = Release|x86
		{0CBC539F-34AF-4EDC-980C-4AA3797758C2}.Release|Any CPU.Deploy.0 = Release|x86
		{0CBC539F-34AF-4EDC-980C-4AA3797758C2}.Release|ARM.ActiveCfg = Release|ARM
		{0CBC539F-34AF-4EDC-980C-4AA3797758C2}.Release|ARM.Build.0 = Release|ARM
		{0CBC539F-34AF-4EDC-980C-4AA3797758C2}.Release|ARM.Deploy.0 = Release|ARM
		{0CBC539F-34AF-4EDC-980C-4AA3797758C2}.Release|iPhone.ActiveCfg = Release|x86
		{0CBC539F-34AF-4EDC-980C-4AA3797758C2}.Release|iPhone.Build.0 = Release|x86
		{0CBC539F-34AF-4EDC-980C-4AA3797758C2}.Release|iPhone.Deploy.0 = Release|x86
		{0CBC539F-34AF-4EDC-980C-4AA3797758C2}.Release|iPhoneSimulator.ActiveCfg = Release|x86
		{0CBC539F-34AF-4EDC-980C-4AA3797758C2}.Release|iPhoneSimulator.Build.0 = Release|x86
		{0CBC539F-34AF-4EDC-980C-4AA3797758C2}.Release|iPhoneSimulator.Deploy.0 = Release|x86
		{0CBC539F-34AF-4EDC-980C-4AA3797758C2}.Release|x64.ActiveCfg = Release|x64
		{0CBC539F-34AF-4EDC-980C-4AA3797758C2}.Release|x64.Build.0 = Release|x64
		{0CBC539F-34AF-4EDC-980C-4AA3797758C2}.Release|x64.Deploy.0 = Release|x64
		{0CBC539F-34AF-4EDC-980C-4AA3797758C2}.Release|x86.ActiveCfg = Release|x86
		{0CBC539F-34AF-4EDC-980C-4AA3797758C2}.Release|x86.Build.0 = Release|x86
		{0CBC539F-34AF-4EDC-980C-4AA3797758C2}.Release|x86.Deploy.0 = Release|x86
		{F616C059-38B2-48AD-B541-7E22192921C7}.Ad-Hoc|Any CPU.ActiveCfg = Debug|Any CPU
		{F616C059-38B2-48AD-B541-7E22192921C7}.Ad-Hoc|Any CPU.Build.0 = Debug|Any CPU
		{F616C059-38B2-48AD-B541-7E22192921C7}.Ad-Hoc|Any CPU.Deploy.0 = Debug|Any CPU
		{F616C059-38B2-48AD-B541-7E22192921C7}.Ad-Hoc|ARM.ActiveCfg = Debug|Any CPU
		{F616C059-38B2-48AD-B541-7E22192921C7}.Ad-Hoc|ARM.Build.0 = Debug|Any CPU
		{F616C059-38B2-48AD-B541-7E22192921C7}.Ad-Hoc|ARM.Deploy.0 = Debug|Any CPU
		{F616C059-38B2-48AD-B541-7E22192921C7}.Ad-Hoc|iPhone.ActiveCfg = Debug|Any CPU
		{F616C059-38B2-48AD-B541-7E22192921C7}.Ad-Hoc|iPhone.Build.0 = Debug|Any CPU
		{F616C059-38B2-48AD-B541-7E22192921C7}.Ad-Hoc|iPhone.Deploy.0 = Debug|Any CPU
		{F616C059-38B2-48AD-B541-7E22192921C7}.Ad-Hoc|iPhoneSimulator.ActiveCfg = Debug|Any CPU
		{F616C059-38B2-48AD-B541-7E22192921C7}.Ad-Hoc|iPhoneSimulator.Build.0 = Debug|Any CPU
		{F616C059-38B2-48AD-B541-7E22192921C7}.Ad-Hoc|iPhoneSimulator.Deploy.0 = Debug|Any CPU
		{F616C059-38B2-48AD-B541-7E22192921C7}.Ad-Hoc|x64.ActiveCfg = Debug|Any CPU
		{F616C059-38B2-48AD-B541-7E22192921C7}.Ad-Hoc|x64.Build.0 = Debug|Any CPU
		{F616C059-38B2-48AD-B541-7E22192921C7}.Ad-Hoc|x64.Deploy.0 = Debug|Any CPU
		{F616C059-38B2-48AD-B541-7E22192921C7}.Ad-Hoc|x86.ActiveCfg = Debug|Any CPU
		{F616C059-38B2-48AD-B541-7E22192921C7}.Ad-Hoc|x86.Build.0 = Debug|Any CPU
		{F616C059-38B2-48AD-B541-7E22192921C7}.Ad-Hoc|x86.Deploy.0 = Debug|Any CPU
		{F616C059-38B2-48AD-B541-7E22192921C7}.AppStore|Any CPU.ActiveCfg = Debug|Any CPU
		{F616C059-38B2-48AD-B541-7E22192921C7}.AppStore|Any CPU.Build.0 = Debug|Any CPU
		{F616C059-38B2-48AD-B541-7E22192921C7}.AppStore|Any CPU.Deploy.0 = Debug|Any CPU
		{F616C059-38B2-48AD-B541-7E22192921C7}.AppStore|ARM.ActiveCfg = Debug|Any CPU
		{F616C059-38B2-48AD-B541-7E22192921C7}.AppStore|ARM.Build.0 = Debug|Any CPU
		{F616C059-38B2-48AD-B541-7E22192921C7}.AppStore|ARM.Deploy.0 = Debug|Any CPU
		{F616C059-38B2-48AD-B541-7E22192921C7}.AppStore|iPhone.ActiveCfg = Debug|Any CPU
		{F616C059-38B2-48AD-B541-7E22192921C7}.AppStore|iPhone.Build.0 = Debug|Any CPU
		{F616C059-38B2-48AD-B541-7E22192921C7}.AppStore|iPhone.Deploy.0 = Debug|Any CPU
		{F616C059-38B2-48AD-B541-7E22192921C7}.AppStore|iPhoneSimulator.ActiveCfg = Debug|Any CPU
		{F616C059-38B2-48AD-B541-7E22192921C7}.AppStore|iPhoneSimulator.Build.0 = Debug|Any CPU
		{F616C059-38B2-48AD-B541-7E22192921C7}.AppStore|iPhoneSimulator.Deploy.0 = Debug|Any CPU
		{F616C059-38B2-48AD-B541-7E22192921C7}.AppStore|x64.ActiveCfg = Debug|Any CPU
		{F616C059-38B2-48AD-B541-7E22192921C7}.AppStore|x64.Build.0 = Debug|Any CPU
		{F616C059-38B2-48AD-B541-7E22192921C7}.AppStore|x64.Deploy.0 = Debug|Any CPU
		{F616C059-38B2-48AD-B541-7E22192921C7}.AppStore|x86.ActiveCfg = Debug|Any CPU
		{F616C059-38B2-48AD-B541-7E22192921C7}.AppStore|x86.Build.0 = Debug|Any CPU
		{F616C059-38B2-48AD-B541-7E22192921C7}.AppStore|x86.Deploy.0 = Debug|Any CPU
		{F616C059-38B2-48AD-B541-7E22192921C7}.Debug|Any CPU.ActiveCfg = Debug|Any CPU
		{F616C059-38B2-48AD-B541-7E22192921C7}.Debug|Any CPU.Build.0 = Debug|Any CPU
		{F616C059-38B2-48AD-B541-7E22192921C7}.Debug|Any CPU.Deploy.0 = Debug|Any CPU
		{F616C059-38B2-48AD-B541-7E22192921C7}.Debug|ARM.ActiveCfg = Debug|Any CPU
		{F616C059-38B2-48AD-B541-7E22192921C7}.Debug|ARM.Build.0 = Debug|Any CPU
		{F616C059-38B2-48AD-B541-7E22192921C7}.Debug|ARM.Deploy.0 = Debug|Any CPU
		{F616C059-38B2-48AD-B541-7E22192921C7}.Debug|iPhone.ActiveCfg = Debug|Any CPU
		{F616C059-38B2-48AD-B541-7E22192921C7}.Debug|iPhone.Build.0 = Debug|Any CPU
		{F616C059-38B2-48AD-B541-7E22192921C7}.Debug|iPhone.Deploy.0 = Debug|Any CPU
		{F616C059-38B2-48AD-B541-7E22192921C7}.Debug|iPhoneSimulator.ActiveCfg = Debug|Any CPU
		{F616C059-38B2-48AD-B541-7E22192921C7}.Debug|iPhoneSimulator.Build.0 = Debug|Any CPU
		{F616C059-38B2-48AD-B541-7E22192921C7}.Debug|iPhoneSimulator.Deploy.0 = Debug|Any CPU
		{F616C059-38B2-48AD-B541-7E22192921C7}.Debug|x64.ActiveCfg = Debug|Any CPU
		{F616C059-38B2-48AD-B541-7E22192921C7}.Debug|x64.Build.0 = Debug|Any CPU
		{F616C059-38B2-48AD-B541-7E22192921C7}.Debug|x64.Deploy.0 = Debug|Any CPU
		{F616C059-38B2-48AD-B541-7E22192921C7}.Debug|x86.ActiveCfg = Debug|Any CPU
		{F616C059-38B2-48AD-B541-7E22192921C7}.Debug|x86.Build.0 = Debug|Any CPU
		{F616C059-38B2-48AD-B541-7E22192921C7}.Debug|x86.Deploy.0 = Debug|Any CPU
		{F616C059-38B2-48AD-B541-7E22192921C7}.Release|Any CPU.ActiveCfg = Release|Any CPU
		{F616C059-38B2-48AD-B541-7E22192921C7}.Release|Any CPU.Build.0 = Release|Any CPU
		{F616C059-38B2-48AD-B541-7E22192921C7}.Release|Any CPU.Deploy.0 = Release|Any CPU
		{F616C059-38B2-48AD-B541-7E22192921C7}.Release|ARM.ActiveCfg = Release|Any CPU
		{F616C059-38B2-48AD-B541-7E22192921C7}.Release|ARM.Build.0 = Release|Any CPU
		{F616C059-38B2-48AD-B541-7E22192921C7}.Release|ARM.Deploy.0 = Release|Any CPU
		{F616C059-38B2-48AD-B541-7E22192921C7}.Release|iPhone.ActiveCfg = Release|Any CPU
		{F616C059-38B2-48AD-B541-7E22192921C7}.Release|iPhone.Build.0 = Release|Any CPU
		{F616C059-38B2-48AD-B541-7E22192921C7}.Release|iPhone.Deploy.0 = Release|Any CPU
		{F616C059-38B2-48AD-B541-7E22192921C7}.Release|iPhoneSimulator.ActiveCfg = Release|Any CPU
		{F616C059-38B2-48AD-B541-7E22192921C7}.Release|iPhoneSimulator.Build.0 = Release|Any CPU
		{F616C059-38B2-48AD-B541-7E22192921C7}.Release|iPhoneSimulator.Deploy.0 = Release|Any CPU
		{F616C059-38B2-48AD-B541-7E22192921C7}.Release|x64.ActiveCfg = Release|Any CPU
		{F616C059-38B2-48AD-B541-7E22192921C7}.Release|x64.Build.0 = Release|Any CPU
		{F616C059-38B2-48AD-B541-7E22192921C7}.Release|x64.Deploy.0 = Release|Any CPU
		{F616C059-38B2-48AD-B541-7E22192921C7}.Release|x86.ActiveCfg = Release|Any CPU
		{F616C059-38B2-48AD-B541-7E22192921C7}.Release|x86.Build.0 = Release|Any CPU
		{F616C059-38B2-48AD-B541-7E22192921C7}.Release|x86.Deploy.0 = Release|Any CPU
	EndGlobalSection
	GlobalSection(SolutionProperties) = preSolution
		HideSolutionNode = FALSE
	EndGlobalSection
	GlobalSection(ExtensibilityGlobals) = postSolution
		SolutionGuid = {31BAAA4C-DEF9-452C-AEF5-322D11D3172D}
	EndGlobalSection
EndGlobal
