
Microsoft Visual Studio Solution File, Format Version 12.00
# Visual Studio 15
VisualStudioVersion = 15.0.28307.102
MinimumVisualStudioVersion = 10.0.40219.1
Project("{FAE04EC0-301F-11D3-BF4B-00C04F79EFBC}") = "Crawler1", "Crawler1\Crawler1.csproj", "{804F29D5-7AD1-4FED-BBBF-CE208E00E4B1}"
EndProject
Global
	GlobalSection(SolutionConfigurationPlatforms) = preSolution
		Debug|Any CPU = Debug|Any CPU
		Release|Any CPU = Release|Any CPU
	EndGlobalSection
	GlobalSection(ProjectConfigurationPlatforms) = postSolution
		{804F29D5-7AD1-4FED-BBBF-CE208E00E4B1}.Debug|Any CPU.ActiveCfg = Debug|Any CPU
		{804F29D5-7AD1-4FED-BBBF-CE208E00E4B1}.Debug|Any CPU.Build.0 = Debug|Any CPU
		{804F29D5-7AD1-4FED-BBBF-CE208E00E4B1}.Release|Any CPU.ActiveCfg = Release|Any CPU
		{804F29D5-7AD1-4FED-BBBF-CE208E00E4B1}.Release|Any CPU.Build.0 = Release|Any CPU
	EndGlobalSection
	GlobalSection(SolutionProperties) = preSolution
		HideSolutionNode = FALSE
	EndGlobalSection
	GlobalSection(ExtensibilityGlobals) = postSolution
		SolutionGuid = {EED146A5-71B8-46E4-BBC8-59B69949E18F}
	EndGlobalSection
EndGlobal
